// !$*UTF8*$!
{
	archiveVersion = 1;
	classes = {
	};
	objectVersion = 46;
	objects = {

/* Begin PBXBuildFile section */
		D2089FA41A83464C0017E32A /* ThisWeekendViewController.swift in Sources */ = {isa = PBXBuildFile; fileRef = D2089FA31A83464C0017E32A /* ThisWeekendViewController.swift */; };
		D20F239B1A86E76900DA6A5E /* bubble.png in Resources */ = {isa = PBXBuildFile; fileRef = D20F23481A86E76900DA6A5E /* bubble.png */; };
		D20F239C1A86E76900DA6A5E /* bubble@2x.png in Resources */ = {isa = PBXBuildFile; fileRef = D20F23491A86E76900DA6A5E /* bubble@2x.png */; };
		D20F239D1A86E76900DA6A5E /* bubble_min.png in Resources */ = {isa = PBXBuildFile; fileRef = D20F234A1A86E76900DA6A5E /* bubble_min.png */; };
		D20F239E1A86E76900DA6A5E /* bubble_min@2x.png in Resources */ = {isa = PBXBuildFile; fileRef = D20F234B1A86E76900DA6A5E /* bubble_min@2x.png */; };
		D20F239F1A86E76900DA6A5E /* bubble_min_tailless.png in Resources */ = {isa = PBXBuildFile; fileRef = D20F234C1A86E76900DA6A5E /* bubble_min_tailless.png */; };
		D20F23A01A86E76900DA6A5E /* bubble_min_tailless@2x.png in Resources */ = {isa = PBXBuildFile; fileRef = D20F234D1A86E76900DA6A5E /* bubble_min_tailless@2x.png */; };
		D20F23A11A86E76900DA6A5E /* bubble_stroked.png in Resources */ = {isa = PBXBuildFile; fileRef = D20F234E1A86E76900DA6A5E /* bubble_stroked.png */; };
		D20F23A21A86E76900DA6A5E /* bubble_stroked@2x.png in Resources */ = {isa = PBXBuildFile; fileRef = D20F234F1A86E76900DA6A5E /* bubble_stroked@2x.png */; };
		D20F23A31A86E76900DA6A5E /* bubble_stroked_tailless.png in Resources */ = {isa = PBXBuildFile; fileRef = D20F23501A86E76900DA6A5E /* bubble_stroked_tailless.png */; };
		D20F23A41A86E76900DA6A5E /* bubble_stroked_tailless@2x.png in Resources */ = {isa = PBXBuildFile; fileRef = D20F23511A86E76900DA6A5E /* bubble_stroked_tailless@2x.png */; };
		D20F23A51A86E76900DA6A5E /* bubble_tailless.png in Resources */ = {isa = PBXBuildFile; fileRef = D20F23521A86E76900DA6A5E /* bubble_tailless.png */; };
		D20F23A61A86E76900DA6A5E /* bubble_tailless@2x.png in Resources */ = {isa = PBXBuildFile; fileRef = D20F23531A86E76900DA6A5E /* bubble_tailless@2x.png */; };
		D20F23A71A86E76900DA6A5E /* camera.png in Resources */ = {isa = PBXBuildFile; fileRef = D20F23541A86E76900DA6A5E /* camera.png */; };
		D20F23A81A86E76900DA6A5E /* camera@2x.png in Resources */ = {isa = PBXBuildFile; fileRef = D20F23551A86E76900DA6A5E /* camera@2x.png */; };
		D20F23A91A86E76900DA6A5E /* typing.png in Resources */ = {isa = PBXBuildFile; fileRef = D20F23561A86E76900DA6A5E /* typing.png */; };
		D20F23AA1A86E76900DA6A5E /* typing@2x.png in Resources */ = {isa = PBXBuildFile; fileRef = D20F23571A86E76900DA6A5E /* typing@2x.png */; };
		D20F23AB1A86E76900DA6A5E /* message_received.aiff in Resources */ = {isa = PBXBuildFile; fileRef = D20F23591A86E76900DA6A5E /* message_received.aiff */; };
		D20F23AC1A86E76900DA6A5E /* message_sent.aiff in Resources */ = {isa = PBXBuildFile; fileRef = D20F235A1A86E76900DA6A5E /* message_sent.aiff */; };
		D20F23AD1A86E76900DA6A5E /* JSQSystemSoundPlayer+JSQMessages.m in Sources */ = {isa = PBXBuildFile; fileRef = D20F235D1A86E76900DA6A5E /* JSQSystemSoundPlayer+JSQMessages.m */; };
		D20F23AE1A86E76900DA6A5E /* NSString+JSQMessages.m in Sources */ = {isa = PBXBuildFile; fileRef = D20F235F1A86E76900DA6A5E /* NSString+JSQMessages.m */; };
		D20F23AF1A86E76900DA6A5E /* UIColor+JSQMessages.m in Sources */ = {isa = PBXBuildFile; fileRef = D20F23611A86E76900DA6A5E /* UIColor+JSQMessages.m */; };
		D20F23B01A86E76900DA6A5E /* UIImage+JSQMessages.m in Sources */ = {isa = PBXBuildFile; fileRef = D20F23631A86E76900DA6A5E /* UIImage+JSQMessages.m */; };
		D20F23B11A86E76900DA6A5E /* UIView+JSQMessages.m in Sources */ = {isa = PBXBuildFile; fileRef = D20F23651A86E76900DA6A5E /* UIView+JSQMessages.m */; };
		D20F23B21A86E76900DA6A5E /* JSQMessagesKeyboardController.m in Sources */ = {isa = PBXBuildFile; fileRef = D20F23681A86E76900DA6A5E /* JSQMessagesKeyboardController.m */; };
		D20F23B31A86E76900DA6A5E /* JSQMessagesViewController.m in Sources */ = {isa = PBXBuildFile; fileRef = D20F236A1A86E76900DA6A5E /* JSQMessagesViewController.m */; };
		D20F23B41A86E76900DA6A5E /* JSQMessagesViewController.xib in Resources */ = {isa = PBXBuildFile; fileRef = D20F236B1A86E76900DA6A5E /* JSQMessagesViewController.xib */; };
		D20F23B51A86E76900DA6A5E /* JSQMessagesAvatarFactory.m in Sources */ = {isa = PBXBuildFile; fileRef = D20F236E1A86E76900DA6A5E /* JSQMessagesAvatarFactory.m */; };
		D20F23B61A86E76900DA6A5E /* JSQMessagesBubbleImageFactory.m in Sources */ = {isa = PBXBuildFile; fileRef = D20F23701A86E76900DA6A5E /* JSQMessagesBubbleImageFactory.m */; };
		D20F23B71A86E76900DA6A5E /* JSQMessagesTimestampFormatter.m in Sources */ = {isa = PBXBuildFile; fileRef = D20F23721A86E76900DA6A5E /* JSQMessagesTimestampFormatter.m */; };
		D20F23B81A86E76900DA6A5E /* JSQMessagesToolbarButtonFactory.m in Sources */ = {isa = PBXBuildFile; fileRef = D20F23741A86E76900DA6A5E /* JSQMessagesToolbarButtonFactory.m */; };
		D20F23B91A86E76900DA6A5E /* JSQMessagesCollectionViewFlowLayout.m in Sources */ = {isa = PBXBuildFile; fileRef = D20F23781A86E76900DA6A5E /* JSQMessagesCollectionViewFlowLayout.m */; };
		D20F23BA1A86E76900DA6A5E /* JSQMessagesCollectionViewFlowLayoutInvalidationContext.m in Sources */ = {isa = PBXBuildFile; fileRef = D20F237A1A86E76900DA6A5E /* JSQMessagesCollectionViewFlowLayoutInvalidationContext.m */; };
		D20F23BB1A86E76900DA6A5E /* JSQMessagesCollectionViewLayoutAttributes.m in Sources */ = {isa = PBXBuildFile; fileRef = D20F237C1A86E76900DA6A5E /* JSQMessagesCollectionViewLayoutAttributes.m */; };
		D20F23BC1A86E76900DA6A5E /* JSQMessage.m in Sources */ = {isa = PBXBuildFile; fileRef = D20F237F1A86E76900DA6A5E /* JSQMessage.m */; };
		D20F23BD1A86E76900DA6A5E /* JSQMessagesCollectionView.m in Sources */ = {isa = PBXBuildFile; fileRef = D20F23831A86E76900DA6A5E /* JSQMessagesCollectionView.m */; };
		D20F23BE1A86E76900DA6A5E /* JSQMessagesCollectionViewCell.m in Sources */ = {isa = PBXBuildFile; fileRef = D20F23851A86E76900DA6A5E /* JSQMessagesCollectionViewCell.m */; };
		D20F23BF1A86E76900DA6A5E /* JSQMessagesCollectionViewCellIncoming.m in Sources */ = {isa = PBXBuildFile; fileRef = D20F23871A86E76900DA6A5E /* JSQMessagesCollectionViewCellIncoming.m */; };
		D20F23C01A86E76900DA6A5E /* JSQMessagesCollectionViewCellIncoming.xib in Resources */ = {isa = PBXBuildFile; fileRef = D20F23881A86E76900DA6A5E /* JSQMessagesCollectionViewCellIncoming.xib */; };
		D20F23C11A86E76900DA6A5E /* JSQMessagesCollectionViewCellOutgoing.m in Sources */ = {isa = PBXBuildFile; fileRef = D20F238A1A86E76900DA6A5E /* JSQMessagesCollectionViewCellOutgoing.m */; };
		D20F23C21A86E76900DA6A5E /* JSQMessagesCollectionViewCellOutgoing.xib in Resources */ = {isa = PBXBuildFile; fileRef = D20F238B1A86E76900DA6A5E /* JSQMessagesCollectionViewCellOutgoing.xib */; };
		D20F23C31A86E76900DA6A5E /* JSQMessagesComposerTextView.m in Sources */ = {isa = PBXBuildFile; fileRef = D20F238D1A86E76900DA6A5E /* JSQMessagesComposerTextView.m */; };
		D20F23C41A86E76900DA6A5E /* JSQMessagesInputToolbar.m in Sources */ = {isa = PBXBuildFile; fileRef = D20F238F1A86E76900DA6A5E /* JSQMessagesInputToolbar.m */; };
		D20F23C51A86E76900DA6A5E /* JSQMessagesLabel.m in Sources */ = {isa = PBXBuildFile; fileRef = D20F23911A86E76900DA6A5E /* JSQMessagesLabel.m */; };
		D20F23C61A86E76900DA6A5E /* JSQMessagesLoadEarlierHeaderView.m in Sources */ = {isa = PBXBuildFile; fileRef = D20F23931A86E76900DA6A5E /* JSQMessagesLoadEarlierHeaderView.m */; };
		D20F23C71A86E76900DA6A5E /* JSQMessagesLoadEarlierHeaderView.xib in Resources */ = {isa = PBXBuildFile; fileRef = D20F23941A86E76900DA6A5E /* JSQMessagesLoadEarlierHeaderView.xib */; };
		D20F23C81A86E76900DA6A5E /* JSQMessagesToolbarContentView.m in Sources */ = {isa = PBXBuildFile; fileRef = D20F23961A86E76900DA6A5E /* JSQMessagesToolbarContentView.m */; };
		D20F23C91A86E76900DA6A5E /* JSQMessagesToolbarContentView.xib in Resources */ = {isa = PBXBuildFile; fileRef = D20F23971A86E76900DA6A5E /* JSQMessagesToolbarContentView.xib */; };
		D20F23CA1A86E76900DA6A5E /* JSQMessagesTypingIndicatorFooterView.m in Sources */ = {isa = PBXBuildFile; fileRef = D20F23991A86E76900DA6A5E /* JSQMessagesTypingIndicatorFooterView.m */; };
		D20F23CB1A86E76900DA6A5E /* JSQMessagesTypingIndicatorFooterView.xib in Resources */ = {isa = PBXBuildFile; fileRef = D20F239A1A86E76900DA6A5E /* JSQMessagesTypingIndicatorFooterView.xib */; };
		D20F23D01A86E77300DA6A5E /* JSQSystemSoundPlayer.m in Sources */ = {isa = PBXBuildFile; fileRef = D20F23CF1A86E77300DA6A5E /* JSQSystemSoundPlayer.m */; };
		D2151E2E1A86D27C001D0C58 /* ReplaceSegue.swift in Sources */ = {isa = PBXBuildFile; fileRef = D2151E2D1A86D27C001D0C58 /* ReplaceSegue.swift */; };
		D2151E301A86DBB5001D0C58 /* Message.swift in Sources */ = {isa = PBXBuildFile; fileRef = D2151E2F1A86DBB5001D0C58 /* Message.swift */; };
		D241BF7F1A89B733004246B3 /* Images.xcassets in Resources */ = {isa = PBXBuildFile; fileRef = D241BF7E1A89B733004246B3 /* Images.xcassets */; };
		D25452941A78A4FC00D40D9D /* AppDelegate.swift in Sources */ = {isa = PBXBuildFile; fileRef = D25452931A78A4FC00D40D9D /* AppDelegate.swift */; };
		D25452961A78A4FC00D40D9D /* SettingsViewController.swift in Sources */ = {isa = PBXBuildFile; fileRef = D25452951A78A4FC00D40D9D /* SettingsViewController.swift */; };
		D25452981A78A4FC00D40D9D /* FriendsViewController.swift in Sources */ = {isa = PBXBuildFile; fileRef = D25452971A78A4FC00D40D9D /* FriendsViewController.swift */; };
		D25452C51A78DE5400D40D9D /* SetProfileViewController.swift in Sources */ = {isa = PBXBuildFile; fileRef = D25452C41A78DE5400D40D9D /* SetProfileViewController.swift */; };
		D25D21611A893478007979FA /* ProfilesViewController.swift in Sources */ = {isa = PBXBuildFile; fileRef = D25D21601A893478007979FA /* ProfilesViewController.swift */; };
		D285C2F21A84613700C769AD /* FaqViewController.swift in Sources */ = {isa = PBXBuildFile; fileRef = D285C2F01A84613700C769AD /* FaqViewController.swift */; };
		D285C2F31A84613700C769AD /* RaqViewController.swift in Sources */ = {isa = PBXBuildFile; fileRef = D285C2F11A84613700C769AD /* RaqViewController.swift */; };
		D29B76371A7DF7EE00A11BE7 /* ParseConstants.swift in Sources */ = {isa = PBXBuildFile; fileRef = D29B76361A7DF7EE00A11BE7 /* ParseConstants.swift */; };
		D29B76391A7E07AD00A11BE7 /* Firebase.framework in Frameworks */ = {isa = PBXBuildFile; fileRef = D29B76381A7E07AD00A11BE7 /* Firebase.framework */; };
		D29B763B1A7E07FB00A11BE7 /* libicucore.dylib in Frameworks */ = {isa = PBXBuildFile; fileRef = D29B763A1A7E07FB00A11BE7 /* libicucore.dylib */; };
		D29B763D1A7E080800A11BE7 /* libc++.dylib in Frameworks */ = {isa = PBXBuildFile; fileRef = D29B763C1A7E080800A11BE7 /* libc++.dylib */; };
		D29B763F1A7E0B4500A11BE7 /* FirebaseConstants.swift in Sources */ = {isa = PBXBuildFile; fileRef = D29B763E1A7E0B4500A11BE7 /* FirebaseConstants.swift */; };
		D2A24E4C1A7B09C80004326F /* LoginViewController.swift in Sources */ = {isa = PBXBuildFile; fileRef = D2A24E4B1A7B09C80004326F /* LoginViewController.swift */; };
		D2A24E4E1A7B1A810004326F /* LoginTutorial.swift in Sources */ = {isa = PBXBuildFile; fileRef = D2A24E4D1A7B1A810004326F /* LoginTutorial.swift */; };
		D2A795C01A873A4100B6C0AE /* MatchExpiredViewController.swift in Sources */ = {isa = PBXBuildFile; fileRef = D2A795BF1A873A4100B6C0AE /* MatchExpiredViewController.swift */; };
		D2A795C21A87721B00B6C0AE /* MatchMadeViewController.swift in Sources */ = {isa = PBXBuildFile; fileRef = D2A795C11A87721B00B6C0AE /* MatchMadeViewController.swift */; };
		D2ABEBD91A8343A400221683 /* HelpViewController.swift in Sources */ = {isa = PBXBuildFile; fileRef = D2ABEBD81A8343A400221683 /* HelpViewController.swift */; };
		D2BECE7B1A83099D0085900B /* BugViewController.swift in Sources */ = {isa = PBXBuildFile; fileRef = D2BECE7A1A83099D0085900B /* BugViewController.swift */; };
		D2BECE7D1A8313560085900B /* ContactViewController.swift in Sources */ = {isa = PBXBuildFile; fileRef = D2BECE7C1A8313560085900B /* ContactViewController.swift */; };
		D2BECE7F1A83248D0085900B /* MainTabBarController.swift in Sources */ = {isa = PBXBuildFile; fileRef = D2BECE7E1A83248D0085900B /* MainTabBarController.swift */; };
		D2CAC4F91A8490AF00A87966 /* GroupChatViewController.swift in Sources */ = {isa = PBXBuildFile; fileRef = D2CAC4F81A8490AF00A87966 /* GroupChatViewController.swift */; };
		D2D188441A7E28B400E43DD2 /* Accounts.framework in Frameworks */ = {isa = PBXBuildFile; fileRef = D2D188431A7E28B400E43DD2 /* Accounts.framework */; };
		D2D188461A7E28BA00E43DD2 /* Social.framework in Frameworks */ = {isa = PBXBuildFile; fileRef = D2D188451A7E28BA00E43DD2 /* Social.framework */; };
		D2D1884F1A7E2B7900E43DD2 /* FacebookSDK.framework in Frameworks */ = {isa = PBXBuildFile; fileRef = D2D1884E1A7E2B7900E43DD2 /* FacebookSDK.framework */; };
		D2DDD1FB1A81D22900756DCA /* AgePreferencesViewController.swift in Sources */ = {isa = PBXBuildFile; fileRef = D2DDD1FA1A81D22900756DCA /* AgePreferencesViewController.swift */; };
		D2DDD1FD1A81F3AB00756DCA /* GenderPreferencesViewController.swift in Sources */ = {isa = PBXBuildFile; fileRef = D2DDD1FC1A81F3AB00756DCA /* GenderPreferencesViewController.swift */; };
		D2E896B91A79E99600B00376 /* Parse.framework in Frameworks */ = {isa = PBXBuildFile; fileRef = D2E896B51A79E99600B00376 /* Parse.framework */; };
		D2E896BB1A79E99600B00376 /* ParseFacebookUtils.framework in Frameworks */ = {isa = PBXBuildFile; fileRef = D2E896B71A79E99600B00376 /* ParseFacebookUtils.framework */; };
		D2E896C71A79E9FC00B00376 /* AudioToolbox.framework in Frameworks */ = {isa = PBXBuildFile; fileRef = D2E896BC1A79E9FC00B00376 /* AudioToolbox.framework */; };
		D2E896C81A79E9FC00B00376 /* CFNetwork.framework in Frameworks */ = {isa = PBXBuildFile; fileRef = D2E896BD1A79E9FC00B00376 /* CFNetwork.framework */; };
		D2E896C91A79E9FC00B00376 /* CoreGraphics.framework in Frameworks */ = {isa = PBXBuildFile; fileRef = D2E896BE1A79E9FC00B00376 /* CoreGraphics.framework */; };
		D2E896CA1A79E9FC00B00376 /* CoreLocation.framework in Frameworks */ = {isa = PBXBuildFile; fileRef = D2E896BF1A79E9FC00B00376 /* CoreLocation.framework */; };
		D2E896CB1A79E9FC00B00376 /* libsqlite3.dylib in Frameworks */ = {isa = PBXBuildFile; fileRef = D2E896C01A79E9FC00B00376 /* libsqlite3.dylib */; };
		D2E896CC1A79E9FC00B00376 /* libz.dylib in Frameworks */ = {isa = PBXBuildFile; fileRef = D2E896C11A79E9FC00B00376 /* libz.dylib */; };
		D2E896CD1A79E9FC00B00376 /* MobileCoreServices.framework in Frameworks */ = {isa = PBXBuildFile; fileRef = D2E896C21A79E9FC00B00376 /* MobileCoreServices.framework */; };
		D2E896CE1A79E9FC00B00376 /* QuartzCore.framework in Frameworks */ = {isa = PBXBuildFile; fileRef = D2E896C31A79E9FC00B00376 /* QuartzCore.framework */; };
		D2E896CF1A79E9FC00B00376 /* Security.framework in Frameworks */ = {isa = PBXBuildFile; fileRef = D2E896C41A79E9FC00B00376 /* Security.framework */; };
		D2E896D01A79E9FC00B00376 /* StoreKit.framework in Frameworks */ = {isa = PBXBuildFile; fileRef = D2E896C51A79E9FC00B00376 /* StoreKit.framework */; };
		D2E896D11A79E9FC00B00376 /* SystemConfiguration.framework in Frameworks */ = {isa = PBXBuildFile; fileRef = D2E896C61A79E9FC00B00376 /* SystemConfiguration.framework */; };
		D2E896DA1A7A0C7F00B00376 /* LoginPageContentViewController.swift in Sources */ = {isa = PBXBuildFile; fileRef = D2E896D91A7A0C7F00B00376 /* LoginPageContentViewController.swift */; };
		D2F2AAC31A88AE2A00F3F51F /* FriendChatViewController.swift in Sources */ = {isa = PBXBuildFile; fileRef = D2F2AAC21A88AE2A00F3F51F /* FriendChatViewController.swift */; };
		D2F2AAC51A88BFFC00F3F51F /* EditFriendViewController.swift in Sources */ = {isa = PBXBuildFile; fileRef = D2F2AAC41A88BFFC00F3F51F /* EditFriendViewController.swift */; };
		D2F2AAC71A89020600F3F51F /* PrivacyViewController.swift in Sources */ = {isa = PBXBuildFile; fileRef = D2F2AAC61A89020600F3F51F /* PrivacyViewController.swift */; };
/* End PBXBuildFile section */

/* Begin PBXContainerItemProxy section */
		D25452A61A78A4FD00D40D9D /* PBXContainerItemProxy */ = {
			isa = PBXContainerItemProxy;
			containerPortal = D25452861A78A4FC00D40D9D /* Project object */;
			proxyType = 1;
			remoteGlobalIDString = D254528D1A78A4FC00D40D9D;
			remoteInfo = Going;
		};
/* End PBXContainerItemProxy section */

/* Begin PBXFileReference section */
		D2089FA31A83464C0017E32A /* ThisWeekendViewController.swift */ = {isa = PBXFileReference; fileEncoding = 4; lastKnownFileType = sourcecode.swift; path = ThisWeekendViewController.swift; sourceTree = "<group>"; };
		D20F23481A86E76900DA6A5E /* bubble.png */ = {isa = PBXFileReference; lastKnownFileType = image.png; path = bubble.png; sourceTree = "<group>"; };
		D20F23491A86E76900DA6A5E /* bubble@2x.png */ = {isa = PBXFileReference; lastKnownFileType = image.png; path = "bubble@2x.png"; sourceTree = "<group>"; };
		D20F234A1A86E76900DA6A5E /* bubble_min.png */ = {isa = PBXFileReference; lastKnownFileType = image.png; path = bubble_min.png; sourceTree = "<group>"; };
		D20F234B1A86E76900DA6A5E /* bubble_min@2x.png */ = {isa = PBXFileReference; lastKnownFileType = image.png; path = "bubble_min@2x.png"; sourceTree = "<group>"; };
		D20F234C1A86E76900DA6A5E /* bubble_min_tailless.png */ = {isa = PBXFileReference; lastKnownFileType = image.png; path = bubble_min_tailless.png; sourceTree = "<group>"; };
		D20F234D1A86E76900DA6A5E /* bubble_min_tailless@2x.png */ = {isa = PBXFileReference; lastKnownFileType = image.png; path = "bubble_min_tailless@2x.png"; sourceTree = "<group>"; };
		D20F234E1A86E76900DA6A5E /* bubble_stroked.png */ = {isa = PBXFileReference; lastKnownFileType = image.png; path = bubble_stroked.png; sourceTree = "<group>"; };
		D20F234F1A86E76900DA6A5E /* bubble_stroked@2x.png */ = {isa = PBXFileReference; lastKnownFileType = image.png; path = "bubble_stroked@2x.png"; sourceTree = "<group>"; };
		D20F23501A86E76900DA6A5E /* bubble_stroked_tailless.png */ = {isa = PBXFileReference; lastKnownFileType = image.png; path = bubble_stroked_tailless.png; sourceTree = "<group>"; };
		D20F23511A86E76900DA6A5E /* bubble_stroked_tailless@2x.png */ = {isa = PBXFileReference; lastKnownFileType = image.png; path = "bubble_stroked_tailless@2x.png"; sourceTree = "<group>"; };
		D20F23521A86E76900DA6A5E /* bubble_tailless.png */ = {isa = PBXFileReference; lastKnownFileType = image.png; path = bubble_tailless.png; sourceTree = "<group>"; };
		D20F23531A86E76900DA6A5E /* bubble_tailless@2x.png */ = {isa = PBXFileReference; lastKnownFileType = image.png; path = "bubble_tailless@2x.png"; sourceTree = "<group>"; };
		D20F23541A86E76900DA6A5E /* camera.png */ = {isa = PBXFileReference; lastKnownFileType = image.png; path = camera.png; sourceTree = "<group>"; };
		D20F23551A86E76900DA6A5E /* camera@2x.png */ = {isa = PBXFileReference; lastKnownFileType = image.png; path = "camera@2x.png"; sourceTree = "<group>"; };
		D20F23561A86E76900DA6A5E /* typing.png */ = {isa = PBXFileReference; lastKnownFileType = image.png; path = typing.png; sourceTree = "<group>"; };
		D20F23571A86E76900DA6A5E /* typing@2x.png */ = {isa = PBXFileReference; lastKnownFileType = image.png; path = "typing@2x.png"; sourceTree = "<group>"; };
		D20F23591A86E76900DA6A5E /* message_received.aiff */ = {isa = PBXFileReference; lastKnownFileType = audio.aiff; path = message_received.aiff; sourceTree = "<group>"; };
		D20F235A1A86E76900DA6A5E /* message_sent.aiff */ = {isa = PBXFileReference; lastKnownFileType = audio.aiff; path = message_sent.aiff; sourceTree = "<group>"; };
		D20F235C1A86E76900DA6A5E /* JSQSystemSoundPlayer+JSQMessages.h */ = {isa = PBXFileReference; fileEncoding = 4; lastKnownFileType = sourcecode.c.h; path = "JSQSystemSoundPlayer+JSQMessages.h"; sourceTree = "<group>"; };
		D20F235D1A86E76900DA6A5E /* JSQSystemSoundPlayer+JSQMessages.m */ = {isa = PBXFileReference; fileEncoding = 4; lastKnownFileType = sourcecode.c.objc; path = "JSQSystemSoundPlayer+JSQMessages.m"; sourceTree = "<group>"; };
		D20F235E1A86E76900DA6A5E /* NSString+JSQMessages.h */ = {isa = PBXFileReference; fileEncoding = 4; lastKnownFileType = sourcecode.c.h; path = "NSString+JSQMessages.h"; sourceTree = "<group>"; };
		D20F235F1A86E76900DA6A5E /* NSString+JSQMessages.m */ = {isa = PBXFileReference; fileEncoding = 4; lastKnownFileType = sourcecode.c.objc; path = "NSString+JSQMessages.m"; sourceTree = "<group>"; };
		D20F23601A86E76900DA6A5E /* UIColor+JSQMessages.h */ = {isa = PBXFileReference; fileEncoding = 4; lastKnownFileType = sourcecode.c.h; path = "UIColor+JSQMessages.h"; sourceTree = "<group>"; };
		D20F23611A86E76900DA6A5E /* UIColor+JSQMessages.m */ = {isa = PBXFileReference; fileEncoding = 4; lastKnownFileType = sourcecode.c.objc; path = "UIColor+JSQMessages.m"; sourceTree = "<group>"; };
		D20F23621A86E76900DA6A5E /* UIImage+JSQMessages.h */ = {isa = PBXFileReference; fileEncoding = 4; lastKnownFileType = sourcecode.c.h; path = "UIImage+JSQMessages.h"; sourceTree = "<group>"; };
		D20F23631A86E76900DA6A5E /* UIImage+JSQMessages.m */ = {isa = PBXFileReference; fileEncoding = 4; lastKnownFileType = sourcecode.c.objc; path = "UIImage+JSQMessages.m"; sourceTree = "<group>"; };
		D20F23641A86E76900DA6A5E /* UIView+JSQMessages.h */ = {isa = PBXFileReference; fileEncoding = 4; lastKnownFileType = sourcecode.c.h; path = "UIView+JSQMessages.h"; sourceTree = "<group>"; };
		D20F23651A86E76900DA6A5E /* UIView+JSQMessages.m */ = {isa = PBXFileReference; fileEncoding = 4; lastKnownFileType = sourcecode.c.objc; path = "UIView+JSQMessages.m"; sourceTree = "<group>"; };
		D20F23671A86E76900DA6A5E /* JSQMessagesKeyboardController.h */ = {isa = PBXFileReference; fileEncoding = 4; lastKnownFileType = sourcecode.c.h; path = JSQMessagesKeyboardController.h; sourceTree = "<group>"; };
		D20F23681A86E76900DA6A5E /* JSQMessagesKeyboardController.m */ = {isa = PBXFileReference; fileEncoding = 4; lastKnownFileType = sourcecode.c.objc; path = JSQMessagesKeyboardController.m; sourceTree = "<group>"; };
		D20F23691A86E76900DA6A5E /* JSQMessagesViewController.h */ = {isa = PBXFileReference; fileEncoding = 4; lastKnownFileType = sourcecode.c.h; path = JSQMessagesViewController.h; sourceTree = "<group>"; };
		D20F236A1A86E76900DA6A5E /* JSQMessagesViewController.m */ = {isa = PBXFileReference; fileEncoding = 4; lastKnownFileType = sourcecode.c.objc; path = JSQMessagesViewController.m; sourceTree = "<group>"; };
		D20F236B1A86E76900DA6A5E /* JSQMessagesViewController.xib */ = {isa = PBXFileReference; fileEncoding = 4; lastKnownFileType = file.xib; path = JSQMessagesViewController.xib; sourceTree = "<group>"; };
		D20F236D1A86E76900DA6A5E /* JSQMessagesAvatarFactory.h */ = {isa = PBXFileReference; fileEncoding = 4; lastKnownFileType = sourcecode.c.h; path = JSQMessagesAvatarFactory.h; sourceTree = "<group>"; };
		D20F236E1A86E76900DA6A5E /* JSQMessagesAvatarFactory.m */ = {isa = PBXFileReference; fileEncoding = 4; lastKnownFileType = sourcecode.c.objc; path = JSQMessagesAvatarFactory.m; sourceTree = "<group>"; };
		D20F236F1A86E76900DA6A5E /* JSQMessagesBubbleImageFactory.h */ = {isa = PBXFileReference; fileEncoding = 4; lastKnownFileType = sourcecode.c.h; path = JSQMessagesBubbleImageFactory.h; sourceTree = "<group>"; };
		D20F23701A86E76900DA6A5E /* JSQMessagesBubbleImageFactory.m */ = {isa = PBXFileReference; fileEncoding = 4; lastKnownFileType = sourcecode.c.objc; path = JSQMessagesBubbleImageFactory.m; sourceTree = "<group>"; };
		D20F23711A86E76900DA6A5E /* JSQMessagesTimestampFormatter.h */ = {isa = PBXFileReference; fileEncoding = 4; lastKnownFileType = sourcecode.c.h; path = JSQMessagesTimestampFormatter.h; sourceTree = "<group>"; };
		D20F23721A86E76900DA6A5E /* JSQMessagesTimestampFormatter.m */ = {isa = PBXFileReference; fileEncoding = 4; lastKnownFileType = sourcecode.c.objc; path = JSQMessagesTimestampFormatter.m; sourceTree = "<group>"; };
		D20F23731A86E76900DA6A5E /* JSQMessagesToolbarButtonFactory.h */ = {isa = PBXFileReference; fileEncoding = 4; lastKnownFileType = sourcecode.c.h; path = JSQMessagesToolbarButtonFactory.h; sourceTree = "<group>"; };
		D20F23741A86E76900DA6A5E /* JSQMessagesToolbarButtonFactory.m */ = {isa = PBXFileReference; fileEncoding = 4; lastKnownFileType = sourcecode.c.objc; path = JSQMessagesToolbarButtonFactory.m; sourceTree = "<group>"; };
		D20F23751A86E76900DA6A5E /* JSQMessages.h */ = {isa = PBXFileReference; fileEncoding = 4; lastKnownFileType = sourcecode.c.h; path = JSQMessages.h; sourceTree = "<group>"; };
		D20F23771A86E76900DA6A5E /* JSQMessagesCollectionViewFlowLayout.h */ = {isa = PBXFileReference; fileEncoding = 4; lastKnownFileType = sourcecode.c.h; path = JSQMessagesCollectionViewFlowLayout.h; sourceTree = "<group>"; };
		D20F23781A86E76900DA6A5E /* JSQMessagesCollectionViewFlowLayout.m */ = {isa = PBXFileReference; fileEncoding = 4; lastKnownFileType = sourcecode.c.objc; path = JSQMessagesCollectionViewFlowLayout.m; sourceTree = "<group>"; };
		D20F23791A86E76900DA6A5E /* JSQMessagesCollectionViewFlowLayoutInvalidationContext.h */ = {isa = PBXFileReference; fileEncoding = 4; lastKnownFileType = sourcecode.c.h; path = JSQMessagesCollectionViewFlowLayoutInvalidationContext.h; sourceTree = "<group>"; };
		D20F237A1A86E76900DA6A5E /* JSQMessagesCollectionViewFlowLayoutInvalidationContext.m */ = {isa = PBXFileReference; fileEncoding = 4; lastKnownFileType = sourcecode.c.objc; path = JSQMessagesCollectionViewFlowLayoutInvalidationContext.m; sourceTree = "<group>"; };
		D20F237B1A86E76900DA6A5E /* JSQMessagesCollectionViewLayoutAttributes.h */ = {isa = PBXFileReference; fileEncoding = 4; lastKnownFileType = sourcecode.c.h; path = JSQMessagesCollectionViewLayoutAttributes.h; sourceTree = "<group>"; };
		D20F237C1A86E76900DA6A5E /* JSQMessagesCollectionViewLayoutAttributes.m */ = {isa = PBXFileReference; fileEncoding = 4; lastKnownFileType = sourcecode.c.objc; path = JSQMessagesCollectionViewLayoutAttributes.m; sourceTree = "<group>"; };
		D20F237E1A86E76900DA6A5E /* JSQMessage.h */ = {isa = PBXFileReference; fileEncoding = 4; lastKnownFileType = sourcecode.c.h; path = JSQMessage.h; sourceTree = "<group>"; };
		D20F237F1A86E76900DA6A5E /* JSQMessage.m */ = {isa = PBXFileReference; fileEncoding = 4; lastKnownFileType = sourcecode.c.objc; path = JSQMessage.m; sourceTree = "<group>"; };
		D20F23801A86E76900DA6A5E /* JSQMessageData.h */ = {isa = PBXFileReference; fileEncoding = 4; lastKnownFileType = sourcecode.c.h; path = JSQMessageData.h; sourceTree = "<group>"; };
		D20F23821A86E76900DA6A5E /* JSQMessagesCollectionView.h */ = {isa = PBXFileReference; fileEncoding = 4; lastKnownFileType = sourcecode.c.h; path = JSQMessagesCollectionView.h; sourceTree = "<group>"; };
		D20F23831A86E76900DA6A5E /* JSQMessagesCollectionView.m */ = {isa = PBXFileReference; fileEncoding = 4; lastKnownFileType = sourcecode.c.objc; path = JSQMessagesCollectionView.m; sourceTree = "<group>"; };
		D20F23841A86E76900DA6A5E /* JSQMessagesCollectionViewCell.h */ = {isa = PBXFileReference; fileEncoding = 4; lastKnownFileType = sourcecode.c.h; path = JSQMessagesCollectionViewCell.h; sourceTree = "<group>"; };
		D20F23851A86E76900DA6A5E /* JSQMessagesCollectionViewCell.m */ = {isa = PBXFileReference; fileEncoding = 4; lastKnownFileType = sourcecode.c.objc; path = JSQMessagesCollectionViewCell.m; sourceTree = "<group>"; };
		D20F23861A86E76900DA6A5E /* JSQMessagesCollectionViewCellIncoming.h */ = {isa = PBXFileReference; fileEncoding = 4; lastKnownFileType = sourcecode.c.h; path = JSQMessagesCollectionViewCellIncoming.h; sourceTree = "<group>"; };
		D20F23871A86E76900DA6A5E /* JSQMessagesCollectionViewCellIncoming.m */ = {isa = PBXFileReference; fileEncoding = 4; lastKnownFileType = sourcecode.c.objc; path = JSQMessagesCollectionViewCellIncoming.m; sourceTree = "<group>"; };
		D20F23881A86E76900DA6A5E /* JSQMessagesCollectionViewCellIncoming.xib */ = {isa = PBXFileReference; fileEncoding = 4; lastKnownFileType = file.xib; path = JSQMessagesCollectionViewCellIncoming.xib; sourceTree = "<group>"; };
		D20F23891A86E76900DA6A5E /* JSQMessagesCollectionViewCellOutgoing.h */ = {isa = PBXFileReference; fileEncoding = 4; lastKnownFileType = sourcecode.c.h; path = JSQMessagesCollectionViewCellOutgoing.h; sourceTree = "<group>"; };
		D20F238A1A86E76900DA6A5E /* JSQMessagesCollectionViewCellOutgoing.m */ = {isa = PBXFileReference; fileEncoding = 4; lastKnownFileType = sourcecode.c.objc; path = JSQMessagesCollectionViewCellOutgoing.m; sourceTree = "<group>"; };
		D20F238B1A86E76900DA6A5E /* JSQMessagesCollectionViewCellOutgoing.xib */ = {isa = PBXFileReference; fileEncoding = 4; lastKnownFileType = file.xib; path = JSQMessagesCollectionViewCellOutgoing.xib; sourceTree = "<group>"; };
		D20F238C1A86E76900DA6A5E /* JSQMessagesComposerTextView.h */ = {isa = PBXFileReference; fileEncoding = 4; lastKnownFileType = sourcecode.c.h; path = JSQMessagesComposerTextView.h; sourceTree = "<group>"; };
		D20F238D1A86E76900DA6A5E /* JSQMessagesComposerTextView.m */ = {isa = PBXFileReference; fileEncoding = 4; lastKnownFileType = sourcecode.c.objc; path = JSQMessagesComposerTextView.m; sourceTree = "<group>"; };
		D20F238E1A86E76900DA6A5E /* JSQMessagesInputToolbar.h */ = {isa = PBXFileReference; fileEncoding = 4; lastKnownFileType = sourcecode.c.h; path = JSQMessagesInputToolbar.h; sourceTree = "<group>"; };
		D20F238F1A86E76900DA6A5E /* JSQMessagesInputToolbar.m */ = {isa = PBXFileReference; fileEncoding = 4; lastKnownFileType = sourcecode.c.objc; path = JSQMessagesInputToolbar.m; sourceTree = "<group>"; };
		D20F23901A86E76900DA6A5E /* JSQMessagesLabel.h */ = {isa = PBXFileReference; fileEncoding = 4; lastKnownFileType = sourcecode.c.h; path = JSQMessagesLabel.h; sourceTree = "<group>"; };
		D20F23911A86E76900DA6A5E /* JSQMessagesLabel.m */ = {isa = PBXFileReference; fileEncoding = 4; lastKnownFileType = sourcecode.c.objc; path = JSQMessagesLabel.m; sourceTree = "<group>"; };
		D20F23921A86E76900DA6A5E /* JSQMessagesLoadEarlierHeaderView.h */ = {isa = PBXFileReference; fileEncoding = 4; lastKnownFileType = sourcecode.c.h; path = JSQMessagesLoadEarlierHeaderView.h; sourceTree = "<group>"; };
		D20F23931A86E76900DA6A5E /* JSQMessagesLoadEarlierHeaderView.m */ = {isa = PBXFileReference; fileEncoding = 4; lastKnownFileType = sourcecode.c.objc; path = JSQMessagesLoadEarlierHeaderView.m; sourceTree = "<group>"; };
		D20F23941A86E76900DA6A5E /* JSQMessagesLoadEarlierHeaderView.xib */ = {isa = PBXFileReference; fileEncoding = 4; lastKnownFileType = file.xib; path = JSQMessagesLoadEarlierHeaderView.xib; sourceTree = "<group>"; };
		D20F23951A86E76900DA6A5E /* JSQMessagesToolbarContentView.h */ = {isa = PBXFileReference; fileEncoding = 4; lastKnownFileType = sourcecode.c.h; path = JSQMessagesToolbarContentView.h; sourceTree = "<group>"; };
		D20F23961A86E76900DA6A5E /* JSQMessagesToolbarContentView.m */ = {isa = PBXFileReference; fileEncoding = 4; lastKnownFileType = sourcecode.c.objc; path = JSQMessagesToolbarContentView.m; sourceTree = "<group>"; };
		D20F23971A86E76900DA6A5E /* JSQMessagesToolbarContentView.xib */ = {isa = PBXFileReference; fileEncoding = 4; lastKnownFileType = file.xib; path = JSQMessagesToolbarContentView.xib; sourceTree = "<group>"; };
		D20F23981A86E76900DA6A5E /* JSQMessagesTypingIndicatorFooterView.h */ = {isa = PBXFileReference; fileEncoding = 4; lastKnownFileType = sourcecode.c.h; path = JSQMessagesTypingIndicatorFooterView.h; sourceTree = "<group>"; };
		D20F23991A86E76900DA6A5E /* JSQMessagesTypingIndicatorFooterView.m */ = {isa = PBXFileReference; fileEncoding = 4; lastKnownFileType = sourcecode.c.objc; path = JSQMessagesTypingIndicatorFooterView.m; sourceTree = "<group>"; };
		D20F239A1A86E76900DA6A5E /* JSQMessagesTypingIndicatorFooterView.xib */ = {isa = PBXFileReference; fileEncoding = 4; lastKnownFileType = file.xib; path = JSQMessagesTypingIndicatorFooterView.xib; sourceTree = "<group>"; };
		D20F23CE1A86E77300DA6A5E /* JSQSystemSoundPlayer.h */ = {isa = PBXFileReference; fileEncoding = 4; lastKnownFileType = sourcecode.c.h; path = JSQSystemSoundPlayer.h; sourceTree = "<group>"; };
		D20F23CF1A86E77300DA6A5E /* JSQSystemSoundPlayer.m */ = {isa = PBXFileReference; fileEncoding = 4; lastKnownFileType = sourcecode.c.objc; path = JSQSystemSoundPlayer.m; sourceTree = "<group>"; };
		D210AE661A89BA1300F54DF7 /* GoingTests.swift */ = {isa = PBXFileReference; fileEncoding = 4; lastKnownFileType = sourcecode.swift; path = GoingTests.swift; sourceTree = "<group>"; };
		D210AE6B1A89BAA000F54DF7 /* Info.plist */ = {isa = PBXFileReference; fileEncoding = 4; lastKnownFileType = text.plist.xml; path = Info.plist; sourceTree = "<group>"; };
		D2151E2D1A86D27C001D0C58 /* ReplaceSegue.swift */ = {isa = PBXFileReference; fileEncoding = 4; lastKnownFileType = sourcecode.swift; path = ReplaceSegue.swift; sourceTree = "<group>"; };
		D2151E2F1A86DBB5001D0C58 /* Message.swift */ = {isa = PBXFileReference; fileEncoding = 4; lastKnownFileType = sourcecode.swift; path = Message.swift; sourceTree = "<group>"; };
		D241BF7E1A89B733004246B3 /* Images.xcassets */ = {isa = PBXFileReference; lastKnownFileType = folder.assetcatalog; path = Images.xcassets; sourceTree = "<group>"; };
		D241BF801A89B740004246B3 /* Info.plist */ = {isa = PBXFileReference; fileEncoding = 4; lastKnownFileType = text.plist.xml; path = Info.plist; sourceTree = "<group>"; };
		D254528E1A78A4FC00D40D9D /* Going.app */ = {isa = PBXFileReference; explicitFileType = wrapper.application; includeInIndex = 0; path = Going.app; sourceTree = BUILT_PRODUCTS_DIR; };
		D25452931A78A4FC00D40D9D /* AppDelegate.swift */ = {isa = PBXFileReference; lastKnownFileType = sourcecode.swift; path = AppDelegate.swift; sourceTree = "<group>"; };
		D25452951A78A4FC00D40D9D /* SettingsViewController.swift */ = {isa = PBXFileReference; lastKnownFileType = sourcecode.swift; path = SettingsViewController.swift; sourceTree = "<group>"; };
		D25452971A78A4FC00D40D9D /* FriendsViewController.swift */ = {isa = PBXFileReference; lastKnownFileType = sourcecode.swift; path = FriendsViewController.swift; sourceTree = "<group>"; };
		D254529A1A78A4FD00D40D9D /* Base */ = {isa = PBXFileReference; lastKnownFileType = file.storyboard; name = Base; path = Base.lproj/Main.storyboard; sourceTree = "<group>"; };
		D254529F1A78A4FD00D40D9D /* Base */ = {isa = PBXFileReference; lastKnownFileType = file.xib; name = Base; path = Base.lproj/LaunchScreen.xib; sourceTree = "<group>"; };
		D25452A51A78A4FD00D40D9D /* GoingTests.xctest */ = {isa = PBXFileReference; explicitFileType = wrapper.cfbundle; includeInIndex = 0; path = GoingTests.xctest; sourceTree = BUILT_PRODUCTS_DIR; };
		D25452C41A78DE5400D40D9D /* SetProfileViewController.swift */ = {isa = PBXFileReference; fileEncoding = 4; lastKnownFileType = sourcecode.swift; path = SetProfileViewController.swift; sourceTree = "<group>"; };
		D25D21601A893478007979FA /* ProfilesViewController.swift */ = {isa = PBXFileReference; fileEncoding = 4; lastKnownFileType = sourcecode.swift; path = ProfilesViewController.swift; sourceTree = "<group>"; };
		D285C2F01A84613700C769AD /* FaqViewController.swift */ = {isa = PBXFileReference; fileEncoding = 4; lastKnownFileType = sourcecode.swift; path = FaqViewController.swift; sourceTree = "<group>"; };
		D285C2F11A84613700C769AD /* RaqViewController.swift */ = {isa = PBXFileReference; fileEncoding = 4; lastKnownFileType = sourcecode.swift; path = RaqViewController.swift; sourceTree = "<group>"; };
		D29B76361A7DF7EE00A11BE7 /* ParseConstants.swift */ = {isa = PBXFileReference; fileEncoding = 4; lastKnownFileType = sourcecode.swift; path = ParseConstants.swift; sourceTree = "<group>"; };
		D29B76381A7E07AD00A11BE7 /* Firebase.framework */ = {isa = PBXFileReference; lastKnownFileType = wrapper.framework; name = Firebase.framework; path = ../../Downloads/Firebase.framework; sourceTree = "<group>"; };
		D29B763A1A7E07FB00A11BE7 /* libicucore.dylib */ = {isa = PBXFileReference; lastKnownFileType = "compiled.mach-o.dylib"; name = libicucore.dylib; path = usr/lib/libicucore.dylib; sourceTree = SDKROOT; };
		D29B763C1A7E080800A11BE7 /* libc++.dylib */ = {isa = PBXFileReference; lastKnownFileType = "compiled.mach-o.dylib"; name = "libc++.dylib"; path = "usr/lib/libc++.dylib"; sourceTree = SDKROOT; };
		D29B763E1A7E0B4500A11BE7 /* FirebaseConstants.swift */ = {isa = PBXFileReference; fileEncoding = 4; lastKnownFileType = sourcecode.swift; path = FirebaseConstants.swift; sourceTree = "<group>"; };
		D2A24E4B1A7B09C80004326F /* LoginViewController.swift */ = {isa = PBXFileReference; fileEncoding = 4; lastKnownFileType = sourcecode.swift; path = LoginViewController.swift; sourceTree = "<group>"; };
		D2A24E4D1A7B1A810004326F /* LoginTutorial.swift */ = {isa = PBXFileReference; fileEncoding = 4; lastKnownFileType = sourcecode.swift; path = LoginTutorial.swift; sourceTree = "<group>"; };
		D2A795BF1A873A4100B6C0AE /* MatchExpiredViewController.swift */ = {isa = PBXFileReference; fileEncoding = 4; lastKnownFileType = sourcecode.swift; path = MatchExpiredViewController.swift; sourceTree = "<group>"; };
		D2A795C11A87721B00B6C0AE /* MatchMadeViewController.swift */ = {isa = PBXFileReference; fileEncoding = 4; lastKnownFileType = sourcecode.swift; path = MatchMadeViewController.swift; sourceTree = "<group>"; };
		D2ABEBD81A8343A400221683 /* HelpViewController.swift */ = {isa = PBXFileReference; fileEncoding = 4; lastKnownFileType = sourcecode.swift; path = HelpViewController.swift; sourceTree = "<group>"; };
		D2BECE7A1A83099D0085900B /* BugViewController.swift */ = {isa = PBXFileReference; fileEncoding = 4; lastKnownFileType = sourcecode.swift; path = BugViewController.swift; sourceTree = "<group>"; };
		D2BECE7C1A8313560085900B /* ContactViewController.swift */ = {isa = PBXFileReference; fileEncoding = 4; lastKnownFileType = sourcecode.swift; path = ContactViewController.swift; sourceTree = "<group>"; };
		D2BECE7E1A83248D0085900B /* MainTabBarController.swift */ = {isa = PBXFileReference; fileEncoding = 4; lastKnownFileType = sourcecode.swift; path = MainTabBarController.swift; sourceTree = "<group>"; };
		D2CAC4F81A8490AF00A87966 /* GroupChatViewController.swift */ = {isa = PBXFileReference; fileEncoding = 4; lastKnownFileType = sourcecode.swift; path = GroupChatViewController.swift; sourceTree = "<group>"; };
		D2D188431A7E28B400E43DD2 /* Accounts.framework */ = {isa = PBXFileReference; lastKnownFileType = wrapper.framework; name = Accounts.framework; path = System/Library/Frameworks/Accounts.framework; sourceTree = SDKROOT; };
		D2D188451A7E28BA00E43DD2 /* Social.framework */ = {isa = PBXFileReference; lastKnownFileType = wrapper.framework; name = Social.framework; path = System/Library/Frameworks/Social.framework; sourceTree = SDKROOT; };
		D2D1884E1A7E2B7900E43DD2 /* FacebookSDK.framework */ = {isa = PBXFileReference; lastKnownFileType = wrapper.framework; name = FacebookSDK.framework; path = ../../Documents/FacebookSDK/FacebookSDK.framework; sourceTree = "<group>"; };
		D2DDD1FA1A81D22900756DCA /* AgePreferencesViewController.swift */ = {isa = PBXFileReference; fileEncoding = 4; lastKnownFileType = sourcecode.swift; path = AgePreferencesViewController.swift; sourceTree = "<group>"; };
		D2DDD1FC1A81F3AB00756DCA /* GenderPreferencesViewController.swift */ = {isa = PBXFileReference; fileEncoding = 4; lastKnownFileType = sourcecode.swift; path = GenderPreferencesViewController.swift; sourceTree = "<group>"; };
		D2E896B51A79E99600B00376 /* Parse.framework */ = {isa = PBXFileReference; lastKnownFileType = wrapper.framework; path = Parse.framework; sourceTree = "<group>"; };
		D2E896B71A79E99600B00376 /* ParseFacebookUtils.framework */ = {isa = PBXFileReference; lastKnownFileType = wrapper.framework; path = ParseFacebookUtils.framework; sourceTree = "<group>"; };
		D2E896BC1A79E9FC00B00376 /* AudioToolbox.framework */ = {isa = PBXFileReference; lastKnownFileType = wrapper.framework; name = AudioToolbox.framework; path = System/Library/Frameworks/AudioToolbox.framework; sourceTree = SDKROOT; };
		D2E896BD1A79E9FC00B00376 /* CFNetwork.framework */ = {isa = PBXFileReference; lastKnownFileType = wrapper.framework; name = CFNetwork.framework; path = System/Library/Frameworks/CFNetwork.framework; sourceTree = SDKROOT; };
		D2E896BE1A79E9FC00B00376 /* CoreGraphics.framework */ = {isa = PBXFileReference; lastKnownFileType = wrapper.framework; name = CoreGraphics.framework; path = System/Library/Frameworks/CoreGraphics.framework; sourceTree = SDKROOT; };
		D2E896BF1A79E9FC00B00376 /* CoreLocation.framework */ = {isa = PBXFileReference; lastKnownFileType = wrapper.framework; name = CoreLocation.framework; path = System/Library/Frameworks/CoreLocation.framework; sourceTree = SDKROOT; };
		D2E896C01A79E9FC00B00376 /* libsqlite3.dylib */ = {isa = PBXFileReference; lastKnownFileType = "compiled.mach-o.dylib"; name = libsqlite3.dylib; path = usr/lib/libsqlite3.dylib; sourceTree = SDKROOT; };
		D2E896C11A79E9FC00B00376 /* libz.dylib */ = {isa = PBXFileReference; lastKnownFileType = "compiled.mach-o.dylib"; name = libz.dylib; path = usr/lib/libz.dylib; sourceTree = SDKROOT; };
		D2E896C21A79E9FC00B00376 /* MobileCoreServices.framework */ = {isa = PBXFileReference; lastKnownFileType = wrapper.framework; name = MobileCoreServices.framework; path = System/Library/Frameworks/MobileCoreServices.framework; sourceTree = SDKROOT; };
		D2E896C31A79E9FC00B00376 /* QuartzCore.framework */ = {isa = PBXFileReference; lastKnownFileType = wrapper.framework; name = QuartzCore.framework; path = System/Library/Frameworks/QuartzCore.framework; sourceTree = SDKROOT; };
		D2E896C41A79E9FC00B00376 /* Security.framework */ = {isa = PBXFileReference; lastKnownFileType = wrapper.framework; name = Security.framework; path = System/Library/Frameworks/Security.framework; sourceTree = SDKROOT; };
		D2E896C51A79E9FC00B00376 /* StoreKit.framework */ = {isa = PBXFileReference; lastKnownFileType = wrapper.framework; name = StoreKit.framework; path = System/Library/Frameworks/StoreKit.framework; sourceTree = SDKROOT; };
		D2E896C61A79E9FC00B00376 /* SystemConfiguration.framework */ = {isa = PBXFileReference; lastKnownFileType = wrapper.framework; name = SystemConfiguration.framework; path = System/Library/Frameworks/SystemConfiguration.framework; sourceTree = SDKROOT; };
		D2E896D21A79EACC00B00376 /* Going-Bridging-Header.h */ = {isa = PBXFileReference; lastKnownFileType = sourcecode.c.h; path = "Going-Bridging-Header.h"; sourceTree = "<group>"; };
		D2E896D91A7A0C7F00B00376 /* LoginPageContentViewController.swift */ = {isa = PBXFileReference; fileEncoding = 4; lastKnownFileType = sourcecode.swift; path = LoginPageContentViewController.swift; sourceTree = "<group>"; };
		D2F2AAC21A88AE2A00F3F51F /* FriendChatViewController.swift */ = {isa = PBXFileReference; fileEncoding = 4; lastKnownFileType = sourcecode.swift; path = FriendChatViewController.swift; sourceTree = "<group>"; };
		D2F2AAC41A88BFFC00F3F51F /* EditFriendViewController.swift */ = {isa = PBXFileReference; fileEncoding = 4; lastKnownFileType = sourcecode.swift; path = EditFriendViewController.swift; sourceTree = "<group>"; };
		D2F2AAC61A89020600F3F51F /* PrivacyViewController.swift */ = {isa = PBXFileReference; fileEncoding = 4; lastKnownFileType = sourcecode.swift; path = PrivacyViewController.swift; sourceTree = "<group>"; };
/* End PBXFileReference section */

/* Begin PBXFrameworksBuildPhase section */
		D254528B1A78A4FC00D40D9D /* Frameworks */ = {
			isa = PBXFrameworksBuildPhase;
			buildActionMask = 2147483647;
			files = (
				D2E896CA1A79E9FC00B00376 /* CoreLocation.framework in Frameworks */,
				D2D1884F1A7E2B7900E43DD2 /* FacebookSDK.framework in Frameworks */,
				D2D188461A7E28BA00E43DD2 /* Social.framework in Frameworks */,
				D2D188441A7E28B400E43DD2 /* Accounts.framework in Frameworks */,
				D29B76391A7E07AD00A11BE7 /* Firebase.framework in Frameworks */,
				D2E896CF1A79E9FC00B00376 /* Security.framework in Frameworks */,
				D2E896C81A79E9FC00B00376 /* CFNetwork.framework in Frameworks */,
				D29B763D1A7E080800A11BE7 /* libc++.dylib in Frameworks */,
				D29B763B1A7E07FB00A11BE7 /* libicucore.dylib in Frameworks */,
				D2E896C71A79E9FC00B00376 /* AudioToolbox.framework in Frameworks */,
				D2E896C91A79E9FC00B00376 /* CoreGraphics.framework in Frameworks */,
				D2E896CB1A79E9FC00B00376 /* libsqlite3.dylib in Frameworks */,
				D2E896CC1A79E9FC00B00376 /* libz.dylib in Frameworks */,
				D2E896CD1A79E9FC00B00376 /* MobileCoreServices.framework in Frameworks */,
				D2E896CE1A79E9FC00B00376 /* QuartzCore.framework in Frameworks */,
				D2E896D01A79E9FC00B00376 /* StoreKit.framework in Frameworks */,
				D2E896D11A79E9FC00B00376 /* SystemConfiguration.framework in Frameworks */,
				D2E896B91A79E99600B00376 /* Parse.framework in Frameworks */,
				D2E896BB1A79E99600B00376 /* ParseFacebookUtils.framework in Frameworks */,
			);
			runOnlyForDeploymentPostprocessing = 0;
		};
		D25452A21A78A4FD00D40D9D /* Frameworks */ = {
			isa = PBXFrameworksBuildPhase;
			buildActionMask = 2147483647;
			files = (
			);
			runOnlyForDeploymentPostprocessing = 0;
		};
/* End PBXFrameworksBuildPhase section */

/* Begin PBXGroup section */
		D20F23451A86E76900DA6A5E /* JSQMessagesViewController */ = {
			isa = PBXGroup;
			children = (
				D20F23461A86E76900DA6A5E /* Assets */,
				D20F235B1A86E76900DA6A5E /* Categories */,
				D20F23661A86E76900DA6A5E /* Controllers */,
				D20F236C1A86E76900DA6A5E /* Factories */,
				D20F23751A86E76900DA6A5E /* JSQMessages.h */,
				D20F23761A86E76900DA6A5E /* Layout */,
				D20F237D1A86E76900DA6A5E /* Model */,
				D20F23811A86E76900DA6A5E /* Views */,
			);
			name = JSQMessagesViewController;
			path = ../sampleApps/JSQMessagesViewController/JSQMessagesViewController;
			sourceTree = "<group>";
		};
		D20F23461A86E76900DA6A5E /* Assets */ = {
			isa = PBXGroup;
			children = (
				D20F23471A86E76900DA6A5E /* Images */,
				D20F23581A86E76900DA6A5E /* Sounds */,
			);
			path = Assets;
			sourceTree = "<group>";
		};
		D20F23471A86E76900DA6A5E /* Images */ = {
			isa = PBXGroup;
			children = (
				D20F23481A86E76900DA6A5E /* bubble.png */,
				D20F23491A86E76900DA6A5E /* bubble@2x.png */,
				D20F234A1A86E76900DA6A5E /* bubble_min.png */,
				D20F234B1A86E76900DA6A5E /* bubble_min@2x.png */,
				D20F234C1A86E76900DA6A5E /* bubble_min_tailless.png */,
				D20F234D1A86E76900DA6A5E /* bubble_min_tailless@2x.png */,
				D20F234E1A86E76900DA6A5E /* bubble_stroked.png */,
				D20F234F1A86E76900DA6A5E /* bubble_stroked@2x.png */,
				D20F23501A86E76900DA6A5E /* bubble_stroked_tailless.png */,
				D20F23511A86E76900DA6A5E /* bubble_stroked_tailless@2x.png */,
				D20F23521A86E76900DA6A5E /* bubble_tailless.png */,
				D20F23531A86E76900DA6A5E /* bubble_tailless@2x.png */,
				D20F23541A86E76900DA6A5E /* camera.png */,
				D20F23551A86E76900DA6A5E /* camera@2x.png */,
				D20F23561A86E76900DA6A5E /* typing.png */,
				D20F23571A86E76900DA6A5E /* typing@2x.png */,
			);
			path = Images;
			sourceTree = "<group>";
		};
		D20F23581A86E76900DA6A5E /* Sounds */ = {
			isa = PBXGroup;
			children = (
				D20F23591A86E76900DA6A5E /* message_received.aiff */,
				D20F235A1A86E76900DA6A5E /* message_sent.aiff */,
			);
			path = Sounds;
			sourceTree = "<group>";
		};
		D20F235B1A86E76900DA6A5E /* Categories */ = {
			isa = PBXGroup;
			children = (
				D20F235C1A86E76900DA6A5E /* JSQSystemSoundPlayer+JSQMessages.h */,
				D20F235D1A86E76900DA6A5E /* JSQSystemSoundPlayer+JSQMessages.m */,
				D20F235E1A86E76900DA6A5E /* NSString+JSQMessages.h */,
				D20F235F1A86E76900DA6A5E /* NSString+JSQMessages.m */,
				D20F23601A86E76900DA6A5E /* UIColor+JSQMessages.h */,
				D20F23611A86E76900DA6A5E /* UIColor+JSQMessages.m */,
				D20F23621A86E76900DA6A5E /* UIImage+JSQMessages.h */,
				D20F23631A86E76900DA6A5E /* UIImage+JSQMessages.m */,
				D20F23641A86E76900DA6A5E /* UIView+JSQMessages.h */,
				D20F23651A86E76900DA6A5E /* UIView+JSQMessages.m */,
			);
			path = Categories;
			sourceTree = "<group>";
		};
		D20F23661A86E76900DA6A5E /* Controllers */ = {
			isa = PBXGroup;
			children = (
				D20F23671A86E76900DA6A5E /* JSQMessagesKeyboardController.h */,
				D20F23681A86E76900DA6A5E /* JSQMessagesKeyboardController.m */,
				D20F23691A86E76900DA6A5E /* JSQMessagesViewController.h */,
				D20F236A1A86E76900DA6A5E /* JSQMessagesViewController.m */,
				D20F236B1A86E76900DA6A5E /* JSQMessagesViewController.xib */,
			);
			path = Controllers;
			sourceTree = "<group>";
		};
		D20F236C1A86E76900DA6A5E /* Factories */ = {
			isa = PBXGroup;
			children = (
				D20F236D1A86E76900DA6A5E /* JSQMessagesAvatarFactory.h */,
				D20F236E1A86E76900DA6A5E /* JSQMessagesAvatarFactory.m */,
				D20F236F1A86E76900DA6A5E /* JSQMessagesBubbleImageFactory.h */,
				D20F23701A86E76900DA6A5E /* JSQMessagesBubbleImageFactory.m */,
				D20F23711A86E76900DA6A5E /* JSQMessagesTimestampFormatter.h */,
				D20F23721A86E76900DA6A5E /* JSQMessagesTimestampFormatter.m */,
				D20F23731A86E76900DA6A5E /* JSQMessagesToolbarButtonFactory.h */,
				D20F23741A86E76900DA6A5E /* JSQMessagesToolbarButtonFactory.m */,
			);
			path = Factories;
			sourceTree = "<group>";
		};
		D20F23761A86E76900DA6A5E /* Layout */ = {
			isa = PBXGroup;
			children = (
				D20F23771A86E76900DA6A5E /* JSQMessagesCollectionViewFlowLayout.h */,
				D20F23781A86E76900DA6A5E /* JSQMessagesCollectionViewFlowLayout.m */,
				D20F23791A86E76900DA6A5E /* JSQMessagesCollectionViewFlowLayoutInvalidationContext.h */,
				D20F237A1A86E76900DA6A5E /* JSQMessagesCollectionViewFlowLayoutInvalidationContext.m */,
				D20F237B1A86E76900DA6A5E /* JSQMessagesCollectionViewLayoutAttributes.h */,
				D20F237C1A86E76900DA6A5E /* JSQMessagesCollectionViewLayoutAttributes.m */,
			);
			path = Layout;
			sourceTree = "<group>";
		};
		D20F237D1A86E76900DA6A5E /* Model */ = {
			isa = PBXGroup;
			children = (
				D20F237E1A86E76900DA6A5E /* JSQMessage.h */,
				D20F237F1A86E76900DA6A5E /* JSQMessage.m */,
				D20F23801A86E76900DA6A5E /* JSQMessageData.h */,
			);
			path = Model;
			sourceTree = "<group>";
		};
		D20F23811A86E76900DA6A5E /* Views */ = {
			isa = PBXGroup;
			children = (
				D20F23821A86E76900DA6A5E /* JSQMessagesCollectionView.h */,
				D20F23831A86E76900DA6A5E /* JSQMessagesCollectionView.m */,
				D20F23841A86E76900DA6A5E /* JSQMessagesCollectionViewCell.h */,
				D20F23851A86E76900DA6A5E /* JSQMessagesCollectionViewCell.m */,
				D20F23861A86E76900DA6A5E /* JSQMessagesCollectionViewCellIncoming.h */,
				D20F23871A86E76900DA6A5E /* JSQMessagesCollectionViewCellIncoming.m */,
				D20F23881A86E76900DA6A5E /* JSQMessagesCollectionViewCellIncoming.xib */,
				D20F23891A86E76900DA6A5E /* JSQMessagesCollectionViewCellOutgoing.h */,
				D20F238A1A86E76900DA6A5E /* JSQMessagesCollectionViewCellOutgoing.m */,
				D20F238B1A86E76900DA6A5E /* JSQMessagesCollectionViewCellOutgoing.xib */,
				D20F238C1A86E76900DA6A5E /* JSQMessagesComposerTextView.h */,
				D20F238D1A86E76900DA6A5E /* JSQMessagesComposerTextView.m */,
				D20F238E1A86E76900DA6A5E /* JSQMessagesInputToolbar.h */,
				D20F238F1A86E76900DA6A5E /* JSQMessagesInputToolbar.m */,
				D20F23901A86E76900DA6A5E /* JSQMessagesLabel.h */,
				D20F23911A86E76900DA6A5E /* JSQMessagesLabel.m */,
				D20F23921A86E76900DA6A5E /* JSQMessagesLoadEarlierHeaderView.h */,
				D20F23931A86E76900DA6A5E /* JSQMessagesLoadEarlierHeaderView.m */,
				D20F23941A86E76900DA6A5E /* JSQMessagesLoadEarlierHeaderView.xib */,
				D20F23951A86E76900DA6A5E /* JSQMessagesToolbarContentView.h */,
				D20F23961A86E76900DA6A5E /* JSQMessagesToolbarContentView.m */,
				D20F23971A86E76900DA6A5E /* JSQMessagesToolbarContentView.xib */,
				D20F23981A86E76900DA6A5E /* JSQMessagesTypingIndicatorFooterView.h */,
				D20F23991A86E76900DA6A5E /* JSQMessagesTypingIndicatorFooterView.m */,
				D20F239A1A86E76900DA6A5E /* JSQMessagesTypingIndicatorFooterView.xib */,
			);
			path = Views;
			sourceTree = "<group>";
		};
		D20F23CC1A86E77300DA6A5E /* JSQSystemSoundPlayer */ = {
			isa = PBXGroup;
			children = (
				D20F23CD1A86E77300DA6A5E /* Classes */,
			);
			name = JSQSystemSoundPlayer;
			path = ../sampleApps/JSQSystemSoundPlayer/JSQSystemSoundPlayer;
			sourceTree = "<group>";
		};
		D20F23CD1A86E77300DA6A5E /* Classes */ = {
			isa = PBXGroup;
			children = (
				D20F23CE1A86E77300DA6A5E /* JSQSystemSoundPlayer.h */,
				D20F23CF1A86E77300DA6A5E /* JSQSystemSoundPlayer.m */,
			);
			path = Classes;
			sourceTree = "<group>";
		};
		D210AE651A89BA1300F54DF7 /* GoingTests */ = {
			isa = PBXGroup;
			children = (
				D210AE6B1A89BAA000F54DF7 /* Info.plist */,
				D210AE661A89BA1300F54DF7 /* GoingTests.swift */,
			);
			path = GoingTests;
			sourceTree = "<group>";
		};
		D25452851A78A4FC00D40D9D = {
			isa = PBXGroup;
			children = (
				D2E896A81A79E94200B00376 /* Frameworks */,
				D25452901A78A4FC00D40D9D /* Going */,
				D210AE651A89BA1300F54DF7 /* GoingTests */,
				D254528F1A78A4FC00D40D9D /* Products */,
			);
			sourceTree = "<group>";
		};
		D254528F1A78A4FC00D40D9D /* Products */ = {
			isa = PBXGroup;
			children = (
				D254528E1A78A4FC00D40D9D /* Going.app */,
				D25452A51A78A4FD00D40D9D /* GoingTests.xctest */,
			);
			name = Products;
			sourceTree = "<group>";
		};
		D25452901A78A4FC00D40D9D /* Going */ = {
			isa = PBXGroup;
			children = (
				D25452931A78A4FC00D40D9D /* AppDelegate.swift */,
				D2E896D91A7A0C7F00B00376 /* LoginPageContentViewController.swift */,
				D2A24E4B1A7B09C80004326F /* LoginViewController.swift */,
				D2A24E4D1A7B1A810004326F /* LoginTutorial.swift */,
				D2F2AAC61A89020600F3F51F /* PrivacyViewController.swift */,
				D25452C41A78DE5400D40D9D /* SetProfileViewController.swift */,
				D2BECE7E1A83248D0085900B /* MainTabBarController.swift */,
				D25452951A78A4FC00D40D9D /* SettingsViewController.swift */,
				D2089FA31A83464C0017E32A /* ThisWeekendViewController.swift */,
				D2A795C11A87721B00B6C0AE /* MatchMadeViewController.swift */,
				D2CAC4F81A8490AF00A87966 /* GroupChatViewController.swift */,
				D2A795BF1A873A4100B6C0AE /* MatchExpiredViewController.swift */,
				D25D21601A893478007979FA /* ProfilesViewController.swift */,
				D25452971A78A4FC00D40D9D /* FriendsViewController.swift */,
				D2F2AAC21A88AE2A00F3F51F /* FriendChatViewController.swift */,
				D2F2AAC41A88BFFC00F3F51F /* EditFriendViewController.swift */,
				D2ABEBD81A8343A400221683 /* HelpViewController.swift */,
				D2DDD1FA1A81D22900756DCA /* AgePreferencesViewController.swift */,
				D2DDD1FC1A81F3AB00756DCA /* GenderPreferencesViewController.swift */,
				D285C2F01A84613700C769AD /* FaqViewController.swift */,
				D285C2F11A84613700C769AD /* RaqViewController.swift */,
				D2BECE7A1A83099D0085900B /* BugViewController.swift */,
				D2BECE7C1A8313560085900B /* ContactViewController.swift */,
				D29B76361A7DF7EE00A11BE7 /* ParseConstants.swift */,
				D29B763E1A7E0B4500A11BE7 /* FirebaseConstants.swift */,
				D2E896D21A79EACC00B00376 /* Going-Bridging-Header.h */,
				D25452991A78A4FD00D40D9D /* Main.storyboard */,
				D254529E1A78A4FD00D40D9D /* LaunchScreen.xib */,
				D241BF7E1A89B733004246B3 /* Images.xcassets */,
				D25452911A78A4FC00D40D9D /* Supporting Files */,
				D2151E2D1A86D27C001D0C58 /* ReplaceSegue.swift */,
				D2151E2F1A86DBB5001D0C58 /* Message.swift */,
			);
			path = Going;
			sourceTree = "<group>";
		};
		D25452911A78A4FC00D40D9D /* Supporting Files */ = {
			isa = PBXGroup;
			children = (
				D241BF801A89B740004246B3 /* Info.plist */,
			);
			name = "Supporting Files";
			sourceTree = "<group>";
		};
		D2E896A81A79E94200B00376 /* Frameworks */ = {
			isa = PBXGroup;
			children = (
				D20F23CC1A86E77300DA6A5E /* JSQSystemSoundPlayer */,
				D20F23451A86E76900DA6A5E /* JSQMessagesViewController */,
				D2D1884E1A7E2B7900E43DD2 /* FacebookSDK.framework */,
				D2D188451A7E28BA00E43DD2 /* Social.framework */,
				D2D188431A7E28B400E43DD2 /* Accounts.framework */,
				D29B763C1A7E080800A11BE7 /* libc++.dylib */,
				D29B763A1A7E07FB00A11BE7 /* libicucore.dylib */,
				D29B76381A7E07AD00A11BE7 /* Firebase.framework */,
				D2E896BC1A79E9FC00B00376 /* AudioToolbox.framework */,
				D2E896BD1A79E9FC00B00376 /* CFNetwork.framework */,
				D2E896BE1A79E9FC00B00376 /* CoreGraphics.framework */,
				D2E896BF1A79E9FC00B00376 /* CoreLocation.framework */,
				D2E896C01A79E9FC00B00376 /* libsqlite3.dylib */,
				D2E896C11A79E9FC00B00376 /* libz.dylib */,
				D2E896C21A79E9FC00B00376 /* MobileCoreServices.framework */,
				D2E896C31A79E9FC00B00376 /* QuartzCore.framework */,
				D2E896C41A79E9FC00B00376 /* Security.framework */,
				D2E896C51A79E9FC00B00376 /* StoreKit.framework */,
				D2E896C61A79E9FC00B00376 /* SystemConfiguration.framework */,
				D2E896B51A79E99600B00376 /* Parse.framework */,
				D2E896B71A79E99600B00376 /* ParseFacebookUtils.framework */,
			);
			name = Frameworks;
			sourceTree = "<group>";
		};
/* End PBXGroup section */

/* Begin PBXNativeTarget section */
		D254528D1A78A4FC00D40D9D /* Going */ = {
			isa = PBXNativeTarget;
			buildConfigurationList = D25452AF1A78A4FD00D40D9D /* Build configuration list for PBXNativeTarget "Going" */;
			buildPhases = (
				D254528A1A78A4FC00D40D9D /* Sources */,
				D254528B1A78A4FC00D40D9D /* Frameworks */,
				D254528C1A78A4FC00D40D9D /* Resources */,
			);
			buildRules = (
			);
			dependencies = (
			);
			name = Going;
			productName = Going;
			productReference = D254528E1A78A4FC00D40D9D /* Going.app */;
			productType = "com.apple.product-type.application";
		};
		D25452A41A78A4FD00D40D9D /* GoingTests */ = {
			isa = PBXNativeTarget;
			buildConfigurationList = D25452B21A78A4FD00D40D9D /* Build configuration list for PBXNativeTarget "GoingTests" */;
			buildPhases = (
				D25452A11A78A4FD00D40D9D /* Sources */,
				D25452A21A78A4FD00D40D9D /* Frameworks */,
				D25452A31A78A4FD00D40D9D /* Resources */,
			);
			buildRules = (
			);
			dependencies = (
				D25452A71A78A4FD00D40D9D /* PBXTargetDependency */,
			);
			name = GoingTests;
			productName = GoingTests;
			productReference = D25452A51A78A4FD00D40D9D /* GoingTests.xctest */;
			productType = "com.apple.product-type.bundle.unit-test";
		};
/* End PBXNativeTarget section */

/* Begin PBXProject section */
		D25452861A78A4FC00D40D9D /* Project object */ = {
			isa = PBXProject;
			attributes = {
				LastUpgradeCheck = 0610;
				ORGANIZATIONNAME = spw;
				TargetAttributes = {
					D254528D1A78A4FC00D40D9D = {
						CreatedOnToolsVersion = 6.1.1;
						DevelopmentTeam = 5Z5R36F83F;
					};
					D25452A41A78A4FD00D40D9D = {
						CreatedOnToolsVersion = 6.1.1;
						DevelopmentTeam = 5Z5R36F83F;
						TestTargetID = D254528D1A78A4FC00D40D9D;
					};
				};
			};
			buildConfigurationList = D25452891A78A4FC00D40D9D /* Build configuration list for PBXProject "Going" */;
			compatibilityVersion = "Xcode 3.2";
			developmentRegion = English;
			hasScannedForEncodings = 0;
			knownRegions = (
				en,
				Base,
				de,
				es,
				fr,
				he,
				it,
				nl,
				pl,
				pt,
				ro,
				ru,
				tr,
				"zh-Hans",
				"zh-Hant",
			);
			mainGroup = D25452851A78A4FC00D40D9D;
			productRefGroup = D254528F1A78A4FC00D40D9D /* Products */;
			projectDirPath = "";
			projectRoot = "";
			targets = (
				D254528D1A78A4FC00D40D9D /* Going */,
				D25452A41A78A4FD00D40D9D /* GoingTests */,
			);
		};
/* End PBXProject section */

/* Begin PBXResourcesBuildPhase section */
		D254528C1A78A4FC00D40D9D /* Resources */ = {
			isa = PBXResourcesBuildPhase;
			buildActionMask = 2147483647;
			files = (
				D20F23AB1A86E76900DA6A5E /* message_received.aiff in Resources */,
				D20F23A11A86E76900DA6A5E /* bubble_stroked.png in Resources */,
				D20F23C21A86E76900DA6A5E /* JSQMessagesCollectionViewCellOutgoing.xib in Resources */,
				D20F239F1A86E76900DA6A5E /* bubble_min_tailless.png in Resources */,
				D20F239B1A86E76900DA6A5E /* bubble.png in Resources */,
				D20F23A41A86E76900DA6A5E /* bubble_stroked_tailless@2x.png in Resources */,
				D20F239D1A86E76900DA6A5E /* bubble_min.png in Resources */,
				D20F23A91A86E76900DA6A5E /* typing.png in Resources */,
				D241BF7F1A89B733004246B3 /* Images.xcassets in Resources */,
				D20F23A71A86E76900DA6A5E /* camera.png in Resources */,
				D20F23C01A86E76900DA6A5E /* JSQMessagesCollectionViewCellIncoming.xib in Resources */,
				D20F23C91A86E76900DA6A5E /* JSQMessagesToolbarContentView.xib in Resources */,
				D20F23A31A86E76900DA6A5E /* bubble_stroked_tailless.png in Resources */,
				D20F23A81A86E76900DA6A5E /* camera@2x.png in Resources */,
				D20F23B41A86E76900DA6A5E /* JSQMessagesViewController.xib in Resources */,
				D20F239E1A86E76900DA6A5E /* bubble_min@2x.png in Resources */,
				D20F23A21A86E76900DA6A5E /* bubble_stroked@2x.png in Resources */,
				D20F23A61A86E76900DA6A5E /* bubble_tailless@2x.png in Resources */,
				D20F23AA1A86E76900DA6A5E /* typing@2x.png in Resources */,
				D20F239C1A86E76900DA6A5E /* bubble@2x.png in Resources */,
				D20F23CB1A86E76900DA6A5E /* JSQMessagesTypingIndicatorFooterView.xib in Resources */,
				D20F23AC1A86E76900DA6A5E /* message_sent.aiff in Resources */,
				D20F23A01A86E76900DA6A5E /* bubble_min_tailless@2x.png in Resources */,
				D20F23A51A86E76900DA6A5E /* bubble_tailless.png in Resources */,
				D20F23C71A86E76900DA6A5E /* JSQMessagesLoadEarlierHeaderView.xib in Resources */,
			);
			runOnlyForDeploymentPostprocessing = 0;
		};
		D25452A31A78A4FD00D40D9D /* Resources */ = {
			isa = PBXResourcesBuildPhase;
			buildActionMask = 2147483647;
			files = (
			);
			runOnlyForDeploymentPostprocessing = 0;
		};
/* End PBXResourcesBuildPhase section */

/* Begin PBXSourcesBuildPhase section */
		D254528A1A78A4FC00D40D9D /* Sources */ = {
			isa = PBXSourcesBuildPhase;
			buildActionMask = 2147483647;
			files = (
				D2A795C01A873A4100B6C0AE /* MatchExpiredViewController.swift in Sources */,
				D2E896DA1A7A0C7F00B00376 /* LoginPageContentViewController.swift in Sources */,
				D20F23B51A86E76900DA6A5E /* JSQMessagesAvatarFactory.m in Sources */,
				D20F23D01A86E77300DA6A5E /* JSQSystemSoundPlayer.m in Sources */,
				D20F23BF1A86E76900DA6A5E /* JSQMessagesCollectionViewCellIncoming.m in Sources */,
				D2BECE7F1A83248D0085900B /* MainTabBarController.swift in Sources */,
				D2F2AAC51A88BFFC00F3F51F /* EditFriendViewController.swift in Sources */,
				D20F23B91A86E76900DA6A5E /* JSQMessagesCollectionViewFlowLayout.m in Sources */,
				D25452981A78A4FC00D40D9D /* FriendsViewController.swift in Sources */,
				D20F23BA1A86E76900DA6A5E /* JSQMessagesCollectionViewFlowLayoutInvalidationContext.m in Sources */,
				D20F23C41A86E76900DA6A5E /* JSQMessagesInputToolbar.m in Sources */,
				D2BECE7D1A8313560085900B /* ContactViewController.swift in Sources */,
				D29B76371A7DF7EE00A11BE7 /* ParseConstants.swift in Sources */,
				D2F2AAC31A88AE2A00F3F51F /* FriendChatViewController.swift in Sources */,
				D20F23AD1A86E76900DA6A5E /* JSQSystemSoundPlayer+JSQMessages.m in Sources */,
				D2F2AAC71A89020600F3F51F /* PrivacyViewController.swift in Sources */,
				D285C2F21A84613700C769AD /* FaqViewController.swift in Sources */,
				D20F23B21A86E76900DA6A5E /* JSQMessagesKeyboardController.m in Sources */,
				D2DDD1FD1A81F3AB00756DCA /* GenderPreferencesViewController.swift in Sources */,
				D25452C51A78DE5400D40D9D /* SetProfileViewController.swift in Sources */,
				D25452941A78A4FC00D40D9D /* AppDelegate.swift in Sources */,
				D20F23AE1A86E76900DA6A5E /* NSString+JSQMessages.m in Sources */,
				D20F23B61A86E76900DA6A5E /* JSQMessagesBubbleImageFactory.m in Sources */,
				D20F23BD1A86E76900DA6A5E /* JSQMessagesCollectionView.m in Sources */,
				D2A24E4E1A7B1A810004326F /* LoginTutorial.swift in Sources */,
				D20F23BB1A86E76900DA6A5E /* JSQMessagesCollectionViewLayoutAttributes.m in Sources */,
				D2A24E4C1A7B09C80004326F /* LoginViewController.swift in Sources */,
				D20F23C81A86E76900DA6A5E /* JSQMessagesToolbarContentView.m in Sources */,
				D20F23B01A86E76900DA6A5E /* UIImage+JSQMessages.m in Sources */,
				D20F23B31A86E76900DA6A5E /* JSQMessagesViewController.m in Sources */,
				D25D21611A893478007979FA /* ProfilesViewController.swift in Sources */,
				D20F23CA1A86E76900DA6A5E /* JSQMessagesTypingIndicatorFooterView.m in Sources */,
				D2ABEBD91A8343A400221683 /* HelpViewController.swift in Sources */,
				D2A795C21A87721B00B6C0AE /* MatchMadeViewController.swift in Sources */,
				D20F23B71A86E76900DA6A5E /* JSQMessagesTimestampFormatter.m in Sources */,
				D20F23B11A86E76900DA6A5E /* UIView+JSQMessages.m in Sources */,
				D20F23C61A86E76900DA6A5E /* JSQMessagesLoadEarlierHeaderView.m in Sources */,
				D29B763F1A7E0B4500A11BE7 /* FirebaseConstants.swift in Sources */,
				D2CAC4F91A8490AF00A87966 /* GroupChatViewController.swift in Sources */,
				D25452961A78A4FC00D40D9D /* SettingsViewController.swift in Sources */,
				D2DDD1FB1A81D22900756DCA /* AgePreferencesViewController.swift in Sources */,
				D2151E301A86DBB5001D0C58 /* Message.swift in Sources */,
				D20F23C51A86E76900DA6A5E /* JSQMessagesLabel.m in Sources */,
				D2089FA41A83464C0017E32A /* ThisWeekendViewController.swift in Sources */,
				D20F23BC1A86E76900DA6A5E /* JSQMessage.m in Sources */,
				D20F23B81A86E76900DA6A5E /* JSQMessagesToolbarButtonFactory.m in Sources */,
				D20F23BE1A86E76900DA6A5E /* JSQMessagesCollectionViewCell.m in Sources */,
				D20F23C11A86E76900DA6A5E /* JSQMessagesCollectionViewCellOutgoing.m in Sources */,
				D2BECE7B1A83099D0085900B /* BugViewController.swift in Sources */,
				D2151E2E1A86D27C001D0C58 /* ReplaceSegue.swift in Sources */,
				D20F23AF1A86E76900DA6A5E /* UIColor+JSQMessages.m in Sources */,
				D20F23C31A86E76900DA6A5E /* JSQMessagesComposerTextView.m in Sources */,
				D285C2F31A84613700C769AD /* RaqViewController.swift in Sources */,
			);
			runOnlyForDeploymentPostprocessing = 0;
		};
		D25452A11A78A4FD00D40D9D /* Sources */ = {
			isa = PBXSourcesBuildPhase;
			buildActionMask = 2147483647;
			files = (
			);
			runOnlyForDeploymentPostprocessing = 0;
		};
/* End PBXSourcesBuildPhase section */

/* Begin PBXTargetDependency section */
		D25452A71A78A4FD00D40D9D /* PBXTargetDependency */ = {
			isa = PBXTargetDependency;
			target = D254528D1A78A4FC00D40D9D /* Going */;
			targetProxy = D25452A61A78A4FD00D40D9D /* PBXContainerItemProxy */;
		};
/* End PBXTargetDependency section */

/* Begin PBXVariantGroup section */
		D25452991A78A4FD00D40D9D /* Main.storyboard */ = {
			isa = PBXVariantGroup;
			children = (
				D254529A1A78A4FD00D40D9D /* Base */,
			);
			name = Main.storyboard;
			sourceTree = "<group>";
		};
		D254529E1A78A4FD00D40D9D /* LaunchScreen.xib */ = {
			isa = PBXVariantGroup;
			children = (
				D254529F1A78A4FD00D40D9D /* Base */,
			);
			name = LaunchScreen.xib;
			sourceTree = "<group>";
		};
/* End PBXVariantGroup section */

/* Begin XCBuildConfiguration section */
		D25452AD1A78A4FD00D40D9D /* Debug */ = {
			isa = XCBuildConfiguration;
			buildSettings = {
				ALWAYS_SEARCH_USER_PATHS = NO;
				CLANG_CXX_LANGUAGE_STANDARD = "gnu++0x";
				CLANG_CXX_LIBRARY = "libc++";
				CLANG_ENABLE_MODULES = YES;
				CLANG_ENABLE_OBJC_ARC = YES;
				CLANG_WARN_BOOL_CONVERSION = YES;
				CLANG_WARN_CONSTANT_CONVERSION = YES;
				CLANG_WARN_DIRECT_OBJC_ISA_USAGE = YES_ERROR;
				CLANG_WARN_EMPTY_BODY = YES;
				CLANG_WARN_ENUM_CONVERSION = YES;
				CLANG_WARN_INT_CONVERSION = YES;
				CLANG_WARN_OBJC_ROOT_CLASS = YES_ERROR;
				CLANG_WARN_UNREACHABLE_CODE = YES;
				CLANG_WARN__DUPLICATE_METHOD_MATCH = YES;
				CODE_SIGN_IDENTITY = "iPhone Developer: Scott Wang (83P2ZG8EML)";
				"CODE_SIGN_IDENTITY[sdk=iphoneos*]" = "iPhone Developer: Scott Wang (83P2ZG8EML)";
				COPY_PHASE_STRIP = NO;
				ENABLE_STRICT_OBJC_MSGSEND = YES;
				GCC_C_LANGUAGE_STANDARD = gnu99;
				GCC_DYNAMIC_NO_PIC = NO;
				GCC_OPTIMIZATION_LEVEL = 0;
				GCC_PREPROCESSOR_DEFINITIONS = (
					"DEBUG=1",
					"$(inherited)",
				);
				GCC_SYMBOLS_PRIVATE_EXTERN = NO;
				GCC_WARN_64_TO_32_BIT_CONVERSION = YES;
				GCC_WARN_ABOUT_RETURN_TYPE = YES_ERROR;
				GCC_WARN_UNDECLARED_SELECTOR = YES;
				GCC_WARN_UNINITIALIZED_AUTOS = YES_AGGRESSIVE;
				GCC_WARN_UNUSED_FUNCTION = YES;
				GCC_WARN_UNUSED_VARIABLE = YES;
				IPHONEOS_DEPLOYMENT_TARGET = 8.1;
				MTL_ENABLE_DEBUG_INFO = YES;
				ONLY_ACTIVE_ARCH = YES;
				SDKROOT = iphoneos;
				SWIFT_OPTIMIZATION_LEVEL = "-Onone";
			};
			name = Debug;
		};
		D25452AE1A78A4FD00D40D9D /* Release */ = {
			isa = XCBuildConfiguration;
			buildSettings = {
				ALWAYS_SEARCH_USER_PATHS = NO;
				CLANG_CXX_LANGUAGE_STANDARD = "gnu++0x";
				CLANG_CXX_LIBRARY = "libc++";
				CLANG_ENABLE_MODULES = YES;
				CLANG_ENABLE_OBJC_ARC = YES;
				CLANG_WARN_BOOL_CONVERSION = YES;
				CLANG_WARN_CONSTANT_CONVERSION = YES;
				CLANG_WARN_DIRECT_OBJC_ISA_USAGE = YES_ERROR;
				CLANG_WARN_EMPTY_BODY = YES;
				CLANG_WARN_ENUM_CONVERSION = YES;
				CLANG_WARN_INT_CONVERSION = YES;
				CLANG_WARN_OBJC_ROOT_CLASS = YES_ERROR;
				CLANG_WARN_UNREACHABLE_CODE = YES;
				CLANG_WARN__DUPLICATE_METHOD_MATCH = YES;
				CODE_SIGN_IDENTITY = "iPhone Developer: Scott Wang (83P2ZG8EML)";
				"CODE_SIGN_IDENTITY[sdk=iphoneos*]" = "iPhone Developer: Scott Wang (83P2ZG8EML)";
				COPY_PHASE_STRIP = YES;
				ENABLE_NS_ASSERTIONS = NO;
				ENABLE_STRICT_OBJC_MSGSEND = YES;
				GCC_C_LANGUAGE_STANDARD = gnu99;
				GCC_WARN_64_TO_32_BIT_CONVERSION = YES;
				GCC_WARN_ABOUT_RETURN_TYPE = YES_ERROR;
				GCC_WARN_UNDECLARED_SELECTOR = YES;
				GCC_WARN_UNINITIALIZED_AUTOS = YES_AGGRESSIVE;
				GCC_WARN_UNUSED_FUNCTION = YES;
				GCC_WARN_UNUSED_VARIABLE = YES;
				IPHONEOS_DEPLOYMENT_TARGET = 8.1;
				MTL_ENABLE_DEBUG_INFO = NO;
				SDKROOT = iphoneos;
				VALIDATE_PRODUCT = YES;
			};
			name = Release;
		};
		D25452B01A78A4FD00D40D9D /* Debug */ = {
			isa = XCBuildConfiguration;
			buildSettings = {
				ASSETCATALOG_COMPILER_APPICON_NAME = AppIcon;
				CLANG_CXX_LIBRARY = "libc++";
				CLANG_ENABLE_MODULES = YES;
				CODE_SIGN_IDENTITY = "iPhone Developer: Scott Wang (83P2ZG8EML)";
				FRAMEWORK_SEARCH_PATHS = (
					"$(inherited)",
					"$(PROJECT_DIR)/parse-library-1.6.2",
					"$(PROJECT_DIR)",
					/Users/scott/Documents/FacebookSDK,
					/Users/scott/Downloads,
				);
				INFOPLIST_FILE = Going/Info.plist;
				LD_RUNPATH_SEARCH_PATHS = "$(inherited) @executable_path/Frameworks";
				LIBRARY_SEARCH_PATHS = (
					"$(inherited)",
					/Users/scott/Documents/FacebookSDK/FacebookSDK.framework,
				);
				LINK_WITH_STANDARD_LIBRARIES = YES;
				ONLY_ACTIVE_ARCH = NO;
				OTHER_LDFLAGS = "-ObjC";
				OTHER_SWIFT_FLAGS = "";
				PRODUCT_NAME = Going;
				SWIFT_OBJC_BRIDGING_HEADER = "Going/Going-Bridging-Header.h";
				SWIFT_OPTIMIZATION_LEVEL = "-Onone";
				VALID_ARCHS = "arm64 armv7 armv7s";
			};
			name = Debug;
		};
		D25452B11A78A4FD00D40D9D /* Release */ = {
			isa = XCBuildConfiguration;
			buildSettings = {
				ASSETCATALOG_COMPILER_APPICON_NAME = AppIcon;
				CLANG_CXX_LIBRARY = "libc++";
				CLANG_ENABLE_MODULES = YES;
				CODE_SIGN_IDENTITY = "iPhone Developer: Scott Wang (83P2ZG8EML)";
				FRAMEWORK_SEARCH_PATHS = (
					"$(inherited)",
					"$(PROJECT_DIR)/parse-library-1.6.2",
					"$(PROJECT_DIR)",
					/Users/scott/Documents/FacebookSDK,
					/Users/scott/Downloads,
				);
				INFOPLIST_FILE = Going/Info.plist;
				LD_RUNPATH_SEARCH_PATHS = "$(inherited) @executable_path/Frameworks";
				LIBRARY_SEARCH_PATHS = (
					"$(inherited)",
					/Users/scott/Documents/FacebookSDK/FacebookSDK.framework,
				);
				LINK_WITH_STANDARD_LIBRARIES = YES;
				ONLY_ACTIVE_ARCH = NO;
				OTHER_LDFLAGS = "-ObjC";
				OTHER_SWIFT_FLAGS = "";
				PRODUCT_NAME = Going;
				SWIFT_OBJC_BRIDGING_HEADER = "Going/Going-Bridging-Header.h";
				VALID_ARCHS = "arm64 armv7 armv7s";
			};
			name = Release;
		};
		D25452B31A78A4FD00D40D9D /* Debug */ = {
			isa = XCBuildConfiguration;
			buildSettings = {
				BUNDLE_LOADER = "$(TEST_HOST)";
				CODE_SIGN_IDENTITY = "iPhone Developer";
				"CODE_SIGN_IDENTITY[sdk=iphoneos*]" = "iPhone Developer";
				FRAMEWORK_SEARCH_PATHS = (
					"$(SDKROOT)/Developer/Library/Frameworks",
					"$(inherited)",
				);
				GCC_PREPROCESSOR_DEFINITIONS = (
					"DEBUG=1",
					"$(inherited)",
				);
				INFOPLIST_FILE = GoingTests/Info.plist;
				LD_RUNPATH_SEARCH_PATHS = "$(inherited) @executable_path/Frameworks @loader_path/Frameworks";
				PRODUCT_NAME = GoingTests;
				PROVISIONING_PROFILE = "";
				TEST_HOST = "$(BUILT_PRODUCTS_DIR)/Going.app/Going";
			};
			name = Debug;
		};
		D25452B41A78A4FD00D40D9D /* Release */ = {
			isa = XCBuildConfiguration;
			buildSettings = {
				BUNDLE_LOADER = "$(TEST_HOST)";
				CODE_SIGN_IDENTITY = "iPhone Developer";
				"CODE_SIGN_IDENTITY[sdk=iphoneos*]" = "iPhone Developer";
				FRAMEWORK_SEARCH_PATHS = (
					"$(SDKROOT)/Developer/Library/Frameworks",
					"$(inherited)",
				);
				INFOPLIST_FILE = GoingTests/Info.plist;
				LD_RUNPATH_SEARCH_PATHS = "$(inherited) @executable_path/Frameworks @loader_path/Frameworks";
				PRODUCT_NAME = GoingTests;
				PROVISIONING_PROFILE = "";
				TEST_HOST = "$(BUILT_PRODUCTS_DIR)/Going.app/Going";
			};
			name = Release;
		};
/* End XCBuildConfiguration section */

/* Begin XCConfigurationList section */
		D25452891A78A4FC00D40D9D /* Build configuration list for PBXProject "Going" */ = {
			isa = XCConfigurationList;
			buildConfigurations = (
				D25452AD1A78A4FD00D40D9D /* Debug */,
				D25452AE1A78A4FD00D40D9D /* Release */,
			);
			defaultConfigurationIsVisible = 0;
			defaultConfigurationName = Release;
		};
		D25452AF1A78A4FD00D40D9D /* Build configuration list for PBXNativeTarget "Going" */ = {
			isa = XCConfigurationList;
			buildConfigurations = (
				D25452B01A78A4FD00D40D9D /* Debug */,
				D25452B11A78A4FD00D40D9D /* Release */,
			);
			defaultConfigurationIsVisible = 0;
			defaultConfigurationName = Release;
		};
		D25452B21A78A4FD00D40D9D /* Build configuration list for PBXNativeTarget "GoingTests" */ = {
			isa = XCConfigurationList;
			buildConfigurations = (
				D25452B31A78A4FD00D40D9D /* Debug */,
				D25452B41A78A4FD00D40D9D /* Release */,
			);
			defaultConfigurationIsVisible = 0;
			defaultConfigurationName = Release;
		};
/* End XCConfigurationList section */
	};
	rootObject = D25452861A78A4FC00D40D9D /* Project object */;
}
