// !$*UTF8*$!
{
	archiveVersion = 1;
	classes = {
	};
	objectVersion = 46;
	objects = {

/* Begin PBXBuildFile section */
		D25452941A78A4FC00D40D9D /* AppDelegate.swift in Sources */ = {isa = PBXBuildFile; fileRef = D25452931A78A4FC00D40D9D /* AppDelegate.swift */; };
		D25452961A78A4FC00D40D9D /* SettingsViewController.swift in Sources */ = {isa = PBXBuildFile; fileRef = D25452951A78A4FC00D40D9D /* SettingsViewController.swift */; };
		D25452981A78A4FC00D40D9D /* FriendsViewController.swift in Sources */ = {isa = PBXBuildFile; fileRef = D25452971A78A4FC00D40D9D /* FriendsViewController.swift */; };
		D254529B1A78A4FD00D40D9D /* Main.storyboard in Resources */ = {isa = PBXBuildFile; fileRef = D25452991A78A4FD00D40D9D /* Main.storyboard */; };
		D254529D1A78A4FD00D40D9D /* Images.xcassets in Resources */ = {isa = PBXBuildFile; fileRef = D254529C1A78A4FD00D40D9D /* Images.xcassets */; };
		D25452A01A78A4FD00D40D9D /* LaunchScreen.xib in Resources */ = {isa = PBXBuildFile; fileRef = D254529E1A78A4FD00D40D9D /* LaunchScreen.xib */; };
		D25452AC1A78A4FD00D40D9D /* helloTests.swift in Sources */ = {isa = PBXBuildFile; fileRef = D25452AB1A78A4FD00D40D9D /* helloTests.swift */; };
		D25452B61A78B2BB00D40D9D /* ThisWeekendViewController.swift in Sources */ = {isa = PBXBuildFile; fileRef = D25452B51A78B2BB00D40D9D /* ThisWeekendViewController.swift */; };
		D25452C31A78DDB100D40D9D /* FriendChat.swift in Sources */ = {isa = PBXBuildFile; fileRef = D25452C21A78DDB100D40D9D /* FriendChat.swift */; };
		D25452C51A78DE5400D40D9D /* SetProfileViewController.swift in Sources */ = {isa = PBXBuildFile; fileRef = D25452C41A78DE5400D40D9D /* SetProfileViewController.swift */; };
		D29B76371A7DF7EE00A11BE7 /* ParseConstants.swift in Sources */ = {isa = PBXBuildFile; fileRef = D29B76361A7DF7EE00A11BE7 /* ParseConstants.swift */; };
		D29B76391A7E07AD00A11BE7 /* Firebase.framework in Frameworks */ = {isa = PBXBuildFile; fileRef = D29B76381A7E07AD00A11BE7 /* Firebase.framework */; };
		D29B763B1A7E07FB00A11BE7 /* libicucore.dylib in Frameworks */ = {isa = PBXBuildFile; fileRef = D29B763A1A7E07FB00A11BE7 /* libicucore.dylib */; };
		D29B763D1A7E080800A11BE7 /* libc++.dylib in Frameworks */ = {isa = PBXBuildFile; fileRef = D29B763C1A7E080800A11BE7 /* libc++.dylib */; };
		D29B763F1A7E0B4500A11BE7 /* FirebaseConstants.swift in Sources */ = {isa = PBXBuildFile; fileRef = D29B763E1A7E0B4500A11BE7 /* FirebaseConstants.swift */; };
		D2A24E4C1A7B09C80004326F /* LoginViewController.swift in Sources */ = {isa = PBXBuildFile; fileRef = D2A24E4B1A7B09C80004326F /* LoginViewController.swift */; };
		D2A24E4E1A7B1A810004326F /* LoginTutorial.swift in Sources */ = {isa = PBXBuildFile; fileRef = D2A24E4D1A7B1A810004326F /* LoginTutorial.swift */; };
		D2D188441A7E28B400E43DD2 /* Accounts.framework in Frameworks */ = {isa = PBXBuildFile; fileRef = D2D188431A7E28B400E43DD2 /* Accounts.framework */; };
		D2D188461A7E28BA00E43DD2 /* Social.framework in Frameworks */ = {isa = PBXBuildFile; fileRef = D2D188451A7E28BA00E43DD2 /* Social.framework */; };
		D2D1884F1A7E2B7900E43DD2 /* FacebookSDK.framework in Frameworks */ = {isa = PBXBuildFile; fileRef = D2D1884E1A7E2B7900E43DD2 /* FacebookSDK.framework */; };
		D2E896B91A79E99600B00376 /* Parse.framework in Frameworks */ = {isa = PBXBuildFile; fileRef = D2E896B51A79E99600B00376 /* Parse.framework */; };
		D2E896BB1A79E99600B00376 /* ParseFacebookUtils.framework in Frameworks */ = {isa = PBXBuildFile; fileRef = D2E896B71A79E99600B00376 /* ParseFacebookUtils.framework */; };
		D2E896C71A79E9FC00B00376 /* AudioToolbox.framework in Frameworks */ = {isa = PBXBuildFile; fileRef = D2E896BC1A79E9FC00B00376 /* AudioToolbox.framework */; };
		D2E896C81A79E9FC00B00376 /* CFNetwork.framework in Frameworks */ = {isa = PBXBuildFile; fileRef = D2E896BD1A79E9FC00B00376 /* CFNetwork.framework */; };
		D2E896C91A79E9FC00B00376 /* CoreGraphics.framework in Frameworks */ = {isa = PBXBuildFile; fileRef = D2E896BE1A79E9FC00B00376 /* CoreGraphics.framework */; };
		D2E896CA1A79E9FC00B00376 /* CoreLocation.framework in Frameworks */ = {isa = PBXBuildFile; fileRef = D2E896BF1A79E9FC00B00376 /* CoreLocation.framework */; };
		D2E896CB1A79E9FC00B00376 /* libsqlite3.dylib in Frameworks */ = {isa = PBXBuildFile; fileRef = D2E896C01A79E9FC00B00376 /* libsqlite3.dylib */; };
		D2E896CC1A79E9FC00B00376 /* libz.dylib in Frameworks */ = {isa = PBXBuildFile; fileRef = D2E896C11A79E9FC00B00376 /* libz.dylib */; };
		D2E896CD1A79E9FC00B00376 /* MobileCoreServices.framework in Frameworks */ = {isa = PBXBuildFile; fileRef = D2E896C21A79E9FC00B00376 /* MobileCoreServices.framework */; };
		D2E896CE1A79E9FC00B00376 /* QuartzCore.framework in Frameworks */ = {isa = PBXBuildFile; fileRef = D2E896C31A79E9FC00B00376 /* QuartzCore.framework */; };
		D2E896CF1A79E9FC00B00376 /* Security.framework in Frameworks */ = {isa = PBXBuildFile; fileRef = D2E896C41A79E9FC00B00376 /* Security.framework */; };
		D2E896D01A79E9FC00B00376 /* StoreKit.framework in Frameworks */ = {isa = PBXBuildFile; fileRef = D2E896C51A79E9FC00B00376 /* StoreKit.framework */; };
		D2E896D11A79E9FC00B00376 /* SystemConfiguration.framework in Frameworks */ = {isa = PBXBuildFile; fileRef = D2E896C61A79E9FC00B00376 /* SystemConfiguration.framework */; };
		D2E896DA1A7A0C7F00B00376 /* LoginPageContentViewController.swift in Sources */ = {isa = PBXBuildFile; fileRef = D2E896D91A7A0C7F00B00376 /* LoginPageContentViewController.swift */; };
/* End PBXBuildFile section */

/* Begin PBXContainerItemProxy section */
		D25452A61A78A4FD00D40D9D /* PBXContainerItemProxy */ = {
			isa = PBXContainerItemProxy;
			containerPortal = D25452861A78A4FC00D40D9D /* Project object */;
			proxyType = 1;
			remoteGlobalIDString = D254528D1A78A4FC00D40D9D;
			remoteInfo = hello;
		};
/* End PBXContainerItemProxy section */

/* Begin PBXFileReference section */
		D254528E1A78A4FC00D40D9D /* hello.app */ = {isa = PBXFileReference; explicitFileType = wrapper.application; includeInIndex = 0; path = hello.app; sourceTree = BUILT_PRODUCTS_DIR; };
		D25452921A78A4FC00D40D9D /* Info.plist */ = {isa = PBXFileReference; lastKnownFileType = text.plist.xml; path = Info.plist; sourceTree = "<group>"; };
		D25452931A78A4FC00D40D9D /* AppDelegate.swift */ = {isa = PBXFileReference; lastKnownFileType = sourcecode.swift; path = AppDelegate.swift; sourceTree = "<group>"; };
		D25452951A78A4FC00D40D9D /* SettingsViewController.swift */ = {isa = PBXFileReference; lastKnownFileType = sourcecode.swift; path = SettingsViewController.swift; sourceTree = "<group>"; };
		D25452971A78A4FC00D40D9D /* FriendsViewController.swift */ = {isa = PBXFileReference; lastKnownFileType = sourcecode.swift; path = FriendsViewController.swift; sourceTree = "<group>"; };
		D254529A1A78A4FD00D40D9D /* Base */ = {isa = PBXFileReference; lastKnownFileType = file.storyboard; name = Base; path = Base.lproj/Main.storyboard; sourceTree = "<group>"; };
		D254529C1A78A4FD00D40D9D /* Images.xcassets */ = {isa = PBXFileReference; lastKnownFileType = folder.assetcatalog; path = Images.xcassets; sourceTree = "<group>"; };
		D254529F1A78A4FD00D40D9D /* Base */ = {isa = PBXFileReference; lastKnownFileType = file.xib; name = Base; path = Base.lproj/LaunchScreen.xib; sourceTree = "<group>"; };
		D25452A51A78A4FD00D40D9D /* helloTests.xctest */ = {isa = PBXFileReference; explicitFileType = wrapper.cfbundle; includeInIndex = 0; path = helloTests.xctest; sourceTree = BUILT_PRODUCTS_DIR; };
		D25452AA1A78A4FD00D40D9D /* Info.plist */ = {isa = PBXFileReference; lastKnownFileType = text.plist.xml; path = Info.plist; sourceTree = "<group>"; };
		D25452AB1A78A4FD00D40D9D /* helloTests.swift */ = {isa = PBXFileReference; lastKnownFileType = sourcecode.swift; path = helloTests.swift; sourceTree = "<group>"; };
		D25452B51A78B2BB00D40D9D /* ThisWeekendViewController.swift */ = {isa = PBXFileReference; fileEncoding = 4; lastKnownFileType = sourcecode.swift; path = ThisWeekendViewController.swift; sourceTree = "<group>"; };
		D25452C21A78DDB100D40D9D /* FriendChat.swift */ = {isa = PBXFileReference; fileEncoding = 4; lastKnownFileType = sourcecode.swift; path = FriendChat.swift; sourceTree = "<group>"; };
		D25452C41A78DE5400D40D9D /* SetProfileViewController.swift */ = {isa = PBXFileReference; fileEncoding = 4; lastKnownFileType = sourcecode.swift; path = SetProfileViewController.swift; sourceTree = "<group>"; };
		D29B76361A7DF7EE00A11BE7 /* ParseConstants.swift */ = {isa = PBXFileReference; fileEncoding = 4; lastKnownFileType = sourcecode.swift; path = ParseConstants.swift; sourceTree = "<group>"; };
		D29B76381A7E07AD00A11BE7 /* Firebase.framework */ = {isa = PBXFileReference; lastKnownFileType = wrapper.framework; name = Firebase.framework; path = ../../Downloads/Firebase.framework; sourceTree = "<group>"; };
		D29B763A1A7E07FB00A11BE7 /* libicucore.dylib */ = {isa = PBXFileReference; lastKnownFileType = "compiled.mach-o.dylib"; name = libicucore.dylib; path = usr/lib/libicucore.dylib; sourceTree = SDKROOT; };
		D29B763C1A7E080800A11BE7 /* libc++.dylib */ = {isa = PBXFileReference; lastKnownFileType = "compiled.mach-o.dylib"; name = "libc++.dylib"; path = "usr/lib/libc++.dylib"; sourceTree = SDKROOT; };
		D29B763E1A7E0B4500A11BE7 /* FirebaseConstants.swift */ = {isa = PBXFileReference; fileEncoding = 4; lastKnownFileType = sourcecode.swift; path = FirebaseConstants.swift; sourceTree = "<group>"; };
		D2A24E4B1A7B09C80004326F /* LoginViewController.swift */ = {isa = PBXFileReference; fileEncoding = 4; lastKnownFileType = sourcecode.swift; path = LoginViewController.swift; sourceTree = "<group>"; };
		D2A24E4D1A7B1A810004326F /* LoginTutorial.swift */ = {isa = PBXFileReference; fileEncoding = 4; lastKnownFileType = sourcecode.swift; path = LoginTutorial.swift; sourceTree = "<group>"; };
		D2D188431A7E28B400E43DD2 /* Accounts.framework */ = {isa = PBXFileReference; lastKnownFileType = wrapper.framework; name = Accounts.framework; path = System/Library/Frameworks/Accounts.framework; sourceTree = SDKROOT; };
		D2D188451A7E28BA00E43DD2 /* Social.framework */ = {isa = PBXFileReference; lastKnownFileType = wrapper.framework; name = Social.framework; path = System/Library/Frameworks/Social.framework; sourceTree = SDKROOT; };
		D2D1884E1A7E2B7900E43DD2 /* FacebookSDK.framework */ = {isa = PBXFileReference; lastKnownFileType = wrapper.framework; name = FacebookSDK.framework; path = ../../Documents/FacebookSDK/FacebookSDK.framework; sourceTree = "<group>"; };
		D2E896B51A79E99600B00376 /* Parse.framework */ = {isa = PBXFileReference; lastKnownFileType = wrapper.framework; path = Parse.framework; sourceTree = "<group>"; };
		D2E896B71A79E99600B00376 /* ParseFacebookUtils.framework */ = {isa = PBXFileReference; lastKnownFileType = wrapper.framework; path = ParseFacebookUtils.framework; sourceTree = "<group>"; };
		D2E896BC1A79E9FC00B00376 /* AudioToolbox.framework */ = {isa = PBXFileReference; lastKnownFileType = wrapper.framework; name = AudioToolbox.framework; path = System/Library/Frameworks/AudioToolbox.framework; sourceTree = SDKROOT; };
		D2E896BD1A79E9FC00B00376 /* CFNetwork.framework */ = {isa = PBXFileReference; lastKnownFileType = wrapper.framework; name = CFNetwork.framework; path = System/Library/Frameworks/CFNetwork.framework; sourceTree = SDKROOT; };
		D2E896BE1A79E9FC00B00376 /* CoreGraphics.framework */ = {isa = PBXFileReference; lastKnownFileType = wrapper.framework; name = CoreGraphics.framework; path = System/Library/Frameworks/CoreGraphics.framework; sourceTree = SDKROOT; };
		D2E896BF1A79E9FC00B00376 /* CoreLocation.framework */ = {isa = PBXFileReference; lastKnownFileType = wrapper.framework; name = CoreLocation.framework; path = System/Library/Frameworks/CoreLocation.framework; sourceTree = SDKROOT; };
		D2E896C01A79E9FC00B00376 /* libsqlite3.dylib */ = {isa = PBXFileReference; lastKnownFileType = "compiled.mach-o.dylib"; name = libsqlite3.dylib; path = usr/lib/libsqlite3.dylib; sourceTree = SDKROOT; };
		D2E896C11A79E9FC00B00376 /* libz.dylib */ = {isa = PBXFileReference; lastKnownFileType = "compiled.mach-o.dylib"; name = libz.dylib; path = usr/lib/libz.dylib; sourceTree = SDKROOT; };
		D2E896C21A79E9FC00B00376 /* MobileCoreServices.framework */ = {isa = PBXFileReference; lastKnownFileType = wrapper.framework; name = MobileCoreServices.framework; path = System/Library/Frameworks/MobileCoreServices.framework; sourceTree = SDKROOT; };
		D2E896C31A79E9FC00B00376 /* QuartzCore.framework */ = {isa = PBXFileReference; lastKnownFileType = wrapper.framework; name = QuartzCore.framework; path = System/Library/Frameworks/QuartzCore.framework; sourceTree = SDKROOT; };
		D2E896C41A79E9FC00B00376 /* Security.framework */ = {isa = PBXFileReference; lastKnownFileType = wrapper.framework; name = Security.framework; path = System/Library/Frameworks/Security.framework; sourceTree = SDKROOT; };
		D2E896C51A79E9FC00B00376 /* StoreKit.framework */ = {isa = PBXFileReference; lastKnownFileType = wrapper.framework; name = StoreKit.framework; path = System/Library/Frameworks/StoreKit.framework; sourceTree = SDKROOT; };
		D2E896C61A79E9FC00B00376 /* SystemConfiguration.framework */ = {isa = PBXFileReference; lastKnownFileType = wrapper.framework; name = SystemConfiguration.framework; path = System/Library/Frameworks/SystemConfiguration.framework; sourceTree = SDKROOT; };
		D2E896D21A79EACC00B00376 /* hello-Bridging-Header.h */ = {isa = PBXFileReference; lastKnownFileType = sourcecode.c.h; path = "hello-Bridging-Header.h"; sourceTree = "<group>"; };
		D2E896D91A7A0C7F00B00376 /* LoginPageContentViewController.swift */ = {isa = PBXFileReference; fileEncoding = 4; lastKnownFileType = sourcecode.swift; path = LoginPageContentViewController.swift; sourceTree = "<group>"; };
/* End PBXFileReference section */

/* Begin PBXFrameworksBuildPhase section */
		D254528B1A78A4FC00D40D9D /* Frameworks */ = {
			isa = PBXFrameworksBuildPhase;
			buildActionMask = 2147483647;
			files = (
				D2D1884F1A7E2B7900E43DD2 /* FacebookSDK.framework in Frameworks */,
				D2D188461A7E28BA00E43DD2 /* Social.framework in Frameworks */,
				D2D188441A7E28B400E43DD2 /* Accounts.framework in Frameworks */,
				D29B76391A7E07AD00A11BE7 /* Firebase.framework in Frameworks */,
				D2E896CF1A79E9FC00B00376 /* Security.framework in Frameworks */,
				D2E896C81A79E9FC00B00376 /* CFNetwork.framework in Frameworks */,
				D29B763D1A7E080800A11BE7 /* libc++.dylib in Frameworks */,
				D29B763B1A7E07FB00A11BE7 /* libicucore.dylib in Frameworks */,
				D2E896C71A79E9FC00B00376 /* AudioToolbox.framework in Frameworks */,
				D2E896C91A79E9FC00B00376 /* CoreGraphics.framework in Frameworks */,
				D2E896CA1A79E9FC00B00376 /* CoreLocation.framework in Frameworks */,
				D2E896CB1A79E9FC00B00376 /* libsqlite3.dylib in Frameworks */,
				D2E896CC1A79E9FC00B00376 /* libz.dylib in Frameworks */,
				D2E896CD1A79E9FC00B00376 /* MobileCoreServices.framework in Frameworks */,
				D2E896CE1A79E9FC00B00376 /* QuartzCore.framework in Frameworks */,
				D2E896D01A79E9FC00B00376 /* StoreKit.framework in Frameworks */,
				D2E896D11A79E9FC00B00376 /* SystemConfiguration.framework in Frameworks */,
				D2E896B91A79E99600B00376 /* Parse.framework in Frameworks */,
				D2E896BB1A79E99600B00376 /* ParseFacebookUtils.framework in Frameworks */,
			);
			runOnlyForDeploymentPostprocessing = 0;
		};
		D25452A21A78A4FD00D40D9D /* Frameworks */ = {
			isa = PBXFrameworksBuildPhase;
			buildActionMask = 2147483647;
			files = (
			);
			runOnlyForDeploymentPostprocessing = 0;
		};
/* End PBXFrameworksBuildPhase section */

/* Begin PBXGroup section */
		D25452851A78A4FC00D40D9D = {
			isa = PBXGroup;
			children = (
				D2E896A81A79E94200B00376 /* Frameworks */,
				D25452901A78A4FC00D40D9D /* hello */,
				D25452A81A78A4FD00D40D9D /* helloTests */,
				D254528F1A78A4FC00D40D9D /* Products */,
			);
			sourceTree = "<group>";
		};
		D254528F1A78A4FC00D40D9D /* Products */ = {
			isa = PBXGroup;
			children = (
				D254528E1A78A4FC00D40D9D /* hello.app */,
				D25452A51A78A4FD00D40D9D /* helloTests.xctest */,
			);
			name = Products;
			sourceTree = "<group>";
		};
		D25452901A78A4FC00D40D9D /* hello */ = {
			isa = PBXGroup;
			children = (
				D25452931A78A4FC00D40D9D /* AppDelegate.swift */,
				D2E896D91A7A0C7F00B00376 /* LoginPageContentViewController.swift */,
				D2A24E4B1A7B09C80004326F /* LoginViewController.swift */,
				D2A24E4D1A7B1A810004326F /* LoginTutorial.swift */,
				D25452C41A78DE5400D40D9D /* SetProfileViewController.swift */,
				D25452951A78A4FC00D40D9D /* SettingsViewController.swift */,
				D25452B51A78B2BB00D40D9D /* ThisWeekendViewController.swift */,
				D25452971A78A4FC00D40D9D /* FriendsViewController.swift */,
				D25452C21A78DDB100D40D9D /* FriendChat.swift */,
				D29B76361A7DF7EE00A11BE7 /* ParseConstants.swift */,
				D29B763E1A7E0B4500A11BE7 /* FirebaseConstants.swift */,
				D2E896D21A79EACC00B00376 /* hello-Bridging-Header.h */,
				D25452991A78A4FD00D40D9D /* Main.storyboard */,
				D254529C1A78A4FD00D40D9D /* Images.xcassets */,
				D254529E1A78A4FD00D40D9D /* LaunchScreen.xib */,
				D25452911A78A4FC00D40D9D /* Supporting Files */,
			);
			path = hello;
			sourceTree = "<group>";
		};
		D25452911A78A4FC00D40D9D /* Supporting Files */ = {
			isa = PBXGroup;
			children = (
				D25452921A78A4FC00D40D9D /* Info.plist */,
			);
			name = "Supporting Files";
			sourceTree = "<group>";
		};
		D25452A81A78A4FD00D40D9D /* helloTests */ = {
			isa = PBXGroup;
			children = (
				D25452AB1A78A4FD00D40D9D /* helloTests.swift */,
				D25452A91A78A4FD00D40D9D /* Supporting Files */,
			);
			path = helloTests;
			sourceTree = "<group>";
		};
		D25452A91A78A4FD00D40D9D /* Supporting Files */ = {
			isa = PBXGroup;
			children = (
				D25452AA1A78A4FD00D40D9D /* Info.plist */,
			);
			name = "Supporting Files";
			sourceTree = "<group>";
		};
		D2E896A81A79E94200B00376 /* Frameworks */ = {
			isa = PBXGroup;
			children = (
				D2D1884E1A7E2B7900E43DD2 /* FacebookSDK.framework */,
				D2D188451A7E28BA00E43DD2 /* Social.framework */,
				D2D188431A7E28B400E43DD2 /* Accounts.framework */,
				D29B763C1A7E080800A11BE7 /* libc++.dylib */,
				D29B763A1A7E07FB00A11BE7 /* libicucore.dylib */,
				D29B76381A7E07AD00A11BE7 /* Firebase.framework */,
				D2E896BC1A79E9FC00B00376 /* AudioToolbox.framework */,
				D2E896BD1A79E9FC00B00376 /* CFNetwork.framework */,
				D2E896BE1A79E9FC00B00376 /* CoreGraphics.framework */,
				D2E896BF1A79E9FC00B00376 /* CoreLocation.framework */,
				D2E896C01A79E9FC00B00376 /* libsqlite3.dylib */,
				D2E896C11A79E9FC00B00376 /* libz.dylib */,
				D2E896C21A79E9FC00B00376 /* MobileCoreServices.framework */,
				D2E896C31A79E9FC00B00376 /* QuartzCore.framework */,
				D2E896C41A79E9FC00B00376 /* Security.framework */,
				D2E896C51A79E9FC00B00376 /* StoreKit.framework */,
				D2E896C61A79E9FC00B00376 /* SystemConfiguration.framework */,
				D2E896B51A79E99600B00376 /* Parse.framework */,
				D2E896B71A79E99600B00376 /* ParseFacebookUtils.framework */,
			);
			name = Frameworks;
			sourceTree = "<group>";
		};
/* End PBXGroup section */

/* Begin PBXNativeTarget section */
		D254528D1A78A4FC00D40D9D /* hello */ = {
			isa = PBXNativeTarget;
			buildConfigurationList = D25452AF1A78A4FD00D40D9D /* Build configuration list for PBXNativeTarget "hello" */;
			buildPhases = (
				D254528A1A78A4FC00D40D9D /* Sources */,
				D254528B1A78A4FC00D40D9D /* Frameworks */,
				D254528C1A78A4FC00D40D9D /* Resources */,
			);
			buildRules = (
			);
			dependencies = (
			);
			name = hello;
			productName = hello;
			productReference = D254528E1A78A4FC00D40D9D /* hello.app */;
			productType = "com.apple.product-type.application";
		};
		D25452A41A78A4FD00D40D9D /* helloTests */ = {
			isa = PBXNativeTarget;
			buildConfigurationList = D25452B21A78A4FD00D40D9D /* Build configuration list for PBXNativeTarget "helloTests" */;
			buildPhases = (
				D25452A11A78A4FD00D40D9D /* Sources */,
				D25452A21A78A4FD00D40D9D /* Frameworks */,
				D25452A31A78A4FD00D40D9D /* Resources */,
			);
			buildRules = (
			);
			dependencies = (
				D25452A71A78A4FD00D40D9D /* PBXTargetDependency */,
			);
			name = helloTests;
			productName = helloTests;
			productReference = D25452A51A78A4FD00D40D9D /* helloTests.xctest */;
			productType = "com.apple.product-type.bundle.unit-test";
		};
/* End PBXNativeTarget section */

/* Begin PBXProject section */
		D25452861A78A4FC00D40D9D /* Project object */ = {
			isa = PBXProject;
			attributes = {
				LastUpgradeCheck = 0610;
				ORGANIZATIONNAME = spw;
				TargetAttributes = {
					D254528D1A78A4FC00D40D9D = {
						CreatedOnToolsVersion = 6.1.1;
						DevelopmentTeam = 5Z5R36F83F;
					};
					D25452A41A78A4FD00D40D9D = {
						CreatedOnToolsVersion = 6.1.1;
						DevelopmentTeam = 5Z5R36F83F;
						TestTargetID = D254528D1A78A4FC00D40D9D;
					};
				};
			};
			buildConfigurationList = D25452891A78A4FC00D40D9D /* Build configuration list for PBXProject "hello" */;
			compatibilityVersion = "Xcode 3.2";
			developmentRegion = English;
			hasScannedForEncodings = 0;
			knownRegions = (
				en,
				Base,
			);
			mainGroup = D25452851A78A4FC00D40D9D;
			productRefGroup = D254528F1A78A4FC00D40D9D /* Products */;
			projectDirPath = "";
			projectRoot = "";
			targets = (
				D254528D1A78A4FC00D40D9D /* hello */,
				D25452A41A78A4FD00D40D9D /* helloTests */,
			);
		};
/* End PBXProject section */

/* Begin PBXResourcesBuildPhase section */
		D254528C1A78A4FC00D40D9D /* Resources */ = {
			isa = PBXResourcesBuildPhase;
			buildActionMask = 2147483647;
			files = (
				D254529B1A78A4FD00D40D9D /* Main.storyboard in Resources */,
				D25452A01A78A4FD00D40D9D /* LaunchScreen.xib in Resources */,
				D254529D1A78A4FD00D40D9D /* Images.xcassets in Resources */,
			);
			runOnlyForDeploymentPostprocessing = 0;
		};
		D25452A31A78A4FD00D40D9D /* Resources */ = {
			isa = PBXResourcesBuildPhase;
			buildActionMask = 2147483647;
			files = (
			);
			runOnlyForDeploymentPostprocessing = 0;
		};
/* End PBXResourcesBuildPhase section */

/* Begin PBXSourcesBuildPhase section */
		D254528A1A78A4FC00D40D9D /* Sources */ = {
			isa = PBXSourcesBuildPhase;
			buildActionMask = 2147483647;
			files = (
				D2E896DA1A7A0C7F00B00376 /* LoginPageContentViewController.swift in Sources */,
				D25452B61A78B2BB00D40D9D /* ThisWeekendViewController.swift in Sources */,
				D25452981A78A4FC00D40D9D /* FriendsViewController.swift in Sources */,
				D29B76371A7DF7EE00A11BE7 /* ParseConstants.swift in Sources */,
				D25452C51A78DE5400D40D9D /* SetProfileViewController.swift in Sources */,
				D25452941A78A4FC00D40D9D /* AppDelegate.swift in Sources */,
				D2A24E4E1A7B1A810004326F /* LoginTutorial.swift in Sources */,
				D25452C31A78DDB100D40D9D /* FriendChat.swift in Sources */,
				D2A24E4C1A7B09C80004326F /* LoginViewController.swift in Sources */,
				D29B763F1A7E0B4500A11BE7 /* FirebaseConstants.swift in Sources */,
				D25452961A78A4FC00D40D9D /* SettingsViewController.swift in Sources */,
			);
			runOnlyForDeploymentPostprocessing = 0;
		};
		D25452A11A78A4FD00D40D9D /* Sources */ = {
			isa = PBXSourcesBuildPhase;
			buildActionMask = 2147483647;
			files = (
				D25452AC1A78A4FD00D40D9D /* helloTests.swift in Sources */,
			);
			runOnlyForDeploymentPostprocessing = 0;
		};
/* End PBXSourcesBuildPhase section */

/* Begin PBXTargetDependency section */
		D25452A71A78A4FD00D40D9D /* PBXTargetDependency */ = {
			isa = PBXTargetDependency;
			target = D254528D1A78A4FC00D40D9D /* hello */;
			targetProxy = D25452A61A78A4FD00D40D9D /* PBXContainerItemProxy */;
		};
/* End PBXTargetDependency section */

/* Begin PBXVariantGroup section */
		D25452991A78A4FD00D40D9D /* Main.storyboard */ = {
			isa = PBXVariantGroup;
			children = (
				D254529A1A78A4FD00D40D9D /* Base */,
			);
			name = Main.storyboard;
			sourceTree = "<group>";
		};
		D254529E1A78A4FD00D40D9D /* LaunchScreen.xib */ = {
			isa = PBXVariantGroup;
			children = (
				D254529F1A78A4FD00D40D9D /* Base */,
			);
			name = LaunchScreen.xib;
			sourceTree = "<group>";
		};
/* End PBXVariantGroup section */

/* Begin XCBuildConfiguration section */
		D25452AD1A78A4FD00D40D9D /* Debug */ = {
			isa = XCBuildConfiguration;
			buildSettings = {
				ALWAYS_SEARCH_USER_PATHS = NO;
				CLANG_CXX_LANGUAGE_STANDARD = "gnu++0x";
				CLANG_CXX_LIBRARY = "libc++";
				CLANG_ENABLE_MODULES = YES;
				CLANG_ENABLE_OBJC_ARC = YES;
				CLANG_WARN_BOOL_CONVERSION = YES;
				CLANG_WARN_CONSTANT_CONVERSION = YES;
				CLANG_WARN_DIRECT_OBJC_ISA_USAGE = YES_ERROR;
				CLANG_WARN_EMPTY_BODY = YES;
				CLANG_WARN_ENUM_CONVERSION = YES;
				CLANG_WARN_INT_CONVERSION = YES;
				CLANG_WARN_OBJC_ROOT_CLASS = YES_ERROR;
				CLANG_WARN_UNREACHABLE_CODE = YES;
				CLANG_WARN__DUPLICATE_METHOD_MATCH = YES;
				"CODE_SIGN_IDENTITY[sdk=iphoneos*]" = "iPhone Developer";
				COPY_PHASE_STRIP = NO;
				ENABLE_STRICT_OBJC_MSGSEND = YES;
				GCC_C_LANGUAGE_STANDARD = gnu99;
				GCC_DYNAMIC_NO_PIC = NO;
				GCC_OPTIMIZATION_LEVEL = 0;
				GCC_PREPROCESSOR_DEFINITIONS = (
					"DEBUG=1",
					"$(inherited)",
				);
				GCC_SYMBOLS_PRIVATE_EXTERN = NO;
				GCC_WARN_64_TO_32_BIT_CONVERSION = YES;
				GCC_WARN_ABOUT_RETURN_TYPE = YES_ERROR;
				GCC_WARN_UNDECLARED_SELECTOR = YES;
				GCC_WARN_UNINITIALIZED_AUTOS = YES_AGGRESSIVE;
				GCC_WARN_UNUSED_FUNCTION = YES;
				GCC_WARN_UNUSED_VARIABLE = YES;
				IPHONEOS_DEPLOYMENT_TARGET = 8.1;
				MTL_ENABLE_DEBUG_INFO = YES;
				ONLY_ACTIVE_ARCH = YES;
				SDKROOT = iphoneos;
				SWIFT_OPTIMIZATION_LEVEL = "-Onone";
			};
			name = Debug;
		};
		D25452AE1A78A4FD00D40D9D /* Release */ = {
			isa = XCBuildConfiguration;
			buildSettings = {
				ALWAYS_SEARCH_USER_PATHS = NO;
				CLANG_CXX_LANGUAGE_STANDARD = "gnu++0x";
				CLANG_CXX_LIBRARY = "libc++";
				CLANG_ENABLE_MODULES = YES;
				CLANG_ENABLE_OBJC_ARC = YES;
				CLANG_WARN_BOOL_CONVERSION = YES;
				CLANG_WARN_CONSTANT_CONVERSION = YES;
				CLANG_WARN_DIRECT_OBJC_ISA_USAGE = YES_ERROR;
				CLANG_WARN_EMPTY_BODY = YES;
				CLANG_WARN_ENUM_CONVERSION = YES;
				CLANG_WARN_INT_CONVERSION = YES;
				CLANG_WARN_OBJC_ROOT_CLASS = YES_ERROR;
				CLANG_WARN_UNREACHABLE_CODE = YES;
				CLANG_WARN__DUPLICATE_METHOD_MATCH = YES;
				"CODE_SIGN_IDENTITY[sdk=iphoneos*]" = "iPhone Developer";
				COPY_PHASE_STRIP = YES;
				ENABLE_NS_ASSERTIONS = NO;
				ENABLE_STRICT_OBJC_MSGSEND = YES;
				GCC_C_LANGUAGE_STANDARD = gnu99;
				GCC_WARN_64_TO_32_BIT_CONVERSION = YES;
				GCC_WARN_ABOUT_RETURN_TYPE = YES_ERROR;
				GCC_WARN_UNDECLARED_SELECTOR = YES;
				GCC_WARN_UNINITIALIZED_AUTOS = YES_AGGRESSIVE;
				GCC_WARN_UNUSED_FUNCTION = YES;
				GCC_WARN_UNUSED_VARIABLE = YES;
				IPHONEOS_DEPLOYMENT_TARGET = 8.1;
				MTL_ENABLE_DEBUG_INFO = NO;
				SDKROOT = iphoneos;
				VALIDATE_PRODUCT = YES;
			};
			name = Release;
		};
		D25452B01A78A4FD00D40D9D /* Debug */ = {
			isa = XCBuildConfiguration;
			buildSettings = {
				ASSETCATALOG_COMPILER_APPICON_NAME = AppIcon;
				CLANG_CXX_LIBRARY = "libc++";
				CLANG_ENABLE_MODULES = YES;
				FRAMEWORK_SEARCH_PATHS = (
					"$(inherited)",
					"$(PROJECT_DIR)/parse-library-1.6.2",
					"$(PROJECT_DIR)",
					/Users/scott/Documents/FacebookSDK,
					/Users/scott/Downloads,
				);
				INFOPLIST_FILE = hello/Info.plist;
				LD_RUNPATH_SEARCH_PATHS = "$(inherited) @executable_path/Frameworks";
				LIBRARY_SEARCH_PATHS = (
					"$(inherited)",
					/Users/scott/Documents/FacebookSDK/FacebookSDK.framework,
				);
				LINK_WITH_STANDARD_LIBRARIES = YES;
				ONLY_ACTIVE_ARCH = YES;
				OTHER_LDFLAGS = "-ObjC";
				OTHER_SWIFT_FLAGS = "";
				PRODUCT_NAME = "$(TARGET_NAME)";
				SWIFT_OBJC_BRIDGING_HEADER = "hello/hello-Bridging-Header.h";
				SWIFT_OPTIMIZATION_LEVEL = "-Onone";
				VALID_ARCHS = "arm64 armv7 armv7s";
			};
			name = Debug;
		};
		D25452B11A78A4FD00D40D9D /* Release */ = {
			isa = XCBuildConfiguration;
			buildSettings = {
				ASSETCATALOG_COMPILER_APPICON_NAME = AppIcon;
				CLANG_CXX_LIBRARY = "libc++";
				CLANG_ENABLE_MODULES = YES;
				FRAMEWORK_SEARCH_PATHS = (
					"$(inherited)",
					"$(PROJECT_DIR)/parse-library-1.6.2",
					"$(PROJECT_DIR)",
					/Users/scott/Documents/FacebookSDK,
					/Users/scott/Downloads,
				);
				INFOPLIST_FILE = hello/Info.plist;
				LD_RUNPATH_SEARCH_PATHS = "$(inherited) @executable_path/Frameworks";
				LIBRARY_SEARCH_PATHS = (
					"$(inherited)",
					/Users/scott/Documents/FacebookSDK/FacebookSDK.framework,
				);
				LINK_WITH_STANDARD_LIBRARIES = YES;
				ONLY_ACTIVE_ARCH = NO;
				OTHER_LDFLAGS = "-ObjC";
				OTHER_SWIFT_FLAGS = "";
				PRODUCT_NAME = "$(TARGET_NAME)";
				SWIFT_OBJC_BRIDGING_HEADER = "hello/hello-Bridging-Header.h";
				VALID_ARCHS = "arm64 armv7 armv7s";
			};
			name = Release;
		};
		D25452B31A78A4FD00D40D9D /* Debug */ = {
			isa = XCBuildConfiguration;
			buildSettings = {
				BUNDLE_LOADER = "$(TEST_HOST)";
				CODE_SIGN_IDENTITY = "iPhone Developer";
				"CODE_SIGN_IDENTITY[sdk=iphoneos*]" = "iPhone Developer";
				FRAMEWORK_SEARCH_PATHS = (
					"$(SDKROOT)/Developer/Library/Frameworks",
					"$(inherited)",
				);
				GCC_PREPROCESSOR_DEFINITIONS = (
					"DEBUG=1",
					"$(inherited)",
				);
				INFOPLIST_FILE = helloTests/Info.plist;
				LD_RUNPATH_SEARCH_PATHS = "$(inherited) @executable_path/Frameworks @loader_path/Frameworks";
				PRODUCT_NAME = "$(TARGET_NAME)";
				PROVISIONING_PROFILE = "";
				TEST_HOST = "$(BUILT_PRODUCTS_DIR)/hello.app/hello";
			};
			name = Debug;
		};
		D25452B41A78A4FD00D40D9D /* Release */ = {
			isa = XCBuildConfiguration;
			buildSettings = {
				BUNDLE_LOADER = "$(TEST_HOST)";
				CODE_SIGN_IDENTITY = "iPhone Developer";
				"CODE_SIGN_IDENTITY[sdk=iphoneos*]" = "iPhone Developer";
				FRAMEWORK_SEARCH_PATHS = (
					"$(SDKROOT)/Developer/Library/Frameworks",
					"$(inherited)",
				);
				INFOPLIST_FILE = helloTests/Info.plist;
				LD_RUNPATH_SEARCH_PATHS = "$(inherited) @executable_path/Frameworks @loader_path/Frameworks";
				PRODUCT_NAME = "$(TARGET_NAME)";
				PROVISIONING_PROFILE = "";
				TEST_HOST = "$(BUILT_PRODUCTS_DIR)/hello.app/hello";
			};
			name = Release;
		};
/* End XCBuildConfiguration section */

/* Begin XCConfigurationList section */
		D25452891A78A4FC00D40D9D /* Build configuration list for PBXProject "hello" */ = {
			isa = XCConfigurationList;
			buildConfigurations = (
				D25452AD1A78A4FD00D40D9D /* Debug */,
				D25452AE1A78A4FD00D40D9D /* Release */,
			);
			defaultConfigurationIsVisible = 0;
			defaultConfigurationName = Release;
		};
		D25452AF1A78A4FD00D40D9D /* Build configuration list for PBXNativeTarget "hello" */ = {
			isa = XCConfigurationList;
			buildConfigurations = (
				D25452B01A78A4FD00D40D9D /* Debug */,
				D25452B11A78A4FD00D40D9D /* Release */,
			);
			defaultConfigurationIsVisible = 0;
			defaultConfigurationName = Release;
		};
		D25452B21A78A4FD00D40D9D /* Build configuration list for PBXNativeTarget "helloTests" */ = {
			isa = XCConfigurationList;
			buildConfigurations = (
				D25452B31A78A4FD00D40D9D /* Debug */,
				D25452B41A78A4FD00D40D9D /* Release */,
			);
			defaultConfigurationIsVisible = 0;
			defaultConfigurationName = Release;
		};
/* End XCConfigurationList section */
	};
	rootObject = D25452861A78A4FC00D40D9D /* Project object */;
}
